// !$*UTF8*$!
{
	archiveVersion = 1;
	classes = {
	};
	objectVersion = 56;
	objects = {

/* Begin PBXBuildFile section */
		1A130F063342B72B457FC015 /* Assets.xcassets in Resources */ = {isa = PBXBuildFile; fileRef = 8D7172619DB15AD08404D409 /* Assets.xcassets */; };
		2464C2E49CFAC0B3B4CA09A1 /* HeroView.swift in Sources */ = {isa = PBXBuildFile; fileRef = 39D975AAB74D8A287A6B7254 /* HeroView.swift */; };
		2480C8BED00599CB4A37BE3A /* AgroFormatTests.swift in Sources */ = {isa = PBXBuildFile; fileRef = E22F9EBB5D794EB26C40EE42 /* AgroFormatTests.swift */; };
		24CA7F13131AEBCF7A64E4F3 /* KlimaApp.swift in Sources */ = {isa = PBXBuildFile; fileRef = 84116E324F300217E14A7D80 /* KlimaApp.swift */; };
		283A94658C4BF890014C510B /* LocationService.swift in Sources */ = {isa = PBXBuildFile; fileRef = 08707F96197B8A0C91B93434 /* LocationService.swift */; };
		51054172AD319320D71CEA33 /* AgroIndicators.swift in Sources */ = {isa = PBXBuildFile; fileRef = 8B0DC023C950B262ED20013F /* AgroIndicators.swift */; };
		566DADF1BB936E66C038F7E7 /* AgroWeatherDecodingTests.swift in Sources */ = {isa = PBXBuildFile; fileRef = 3F0452B25BE676E099C8DFF9 /* AgroWeatherDecodingTests.swift */; };
		5CB1DC4D9E9EF3CBD328F32A /* DetailTile.swift in Sources */ = {isa = PBXBuildFile; fileRef = 57C0845A4CF93D4730923065 /* DetailTile.swift */; };
		67FC76359AD16BC4695DEADF /* DailyListView.swift in Sources */ = {isa = PBXBuildFile; fileRef = 4A2507732A1784A4B8EB0921 /* DailyListView.swift */; };
		6CA0879E8E9DEEB22B32B61F /* DashboardViewModel.swift in Sources */ = {isa = PBXBuildFile; fileRef = 8EAC6CF1F72EC8295D30BFC0 /* DashboardViewModel.swift */; };
		719AE84CF3AE3953C830D50B /* WeatherConditionTests.swift in Sources */ = {isa = PBXBuildFile; fileRef = F71CC5F308473AF0D312F14C /* WeatherConditionTests.swift */; };
		82D02C519B480C193578D0CB /* SprayCardView.swift in Sources */ = {isa = PBXBuildFile; fileRef = 40839EA4E38B24E6B555CC61 /* SprayCardView.swift */; };
		85CA810AE3589C6B30CAFB6F /* AgroSamples.swift in Sources */ = {isa = PBXBuildFile; fileRef = 55D9837846F076DA896F495A /* AgroSamples.swift */; };
		861A80365F23BD9F86CFDA99 /* AgroIndicatorsTests.swift in Sources */ = {isa = PBXBuildFile; fileRef = 7B37E35ECA785B0C85EB31B2 /* AgroIndicatorsTests.swift */; };
		8E2514CD7022B11A162D60FF /* HourlyStripView.swift in Sources */ = {isa = PBXBuildFile; fileRef = 009B9C142273FBBEE0BD6576 /* HourlyStripView.swift */; };
		92ED5AA3CD3F48E0A5F3C553 /* AgroWeatherService.swift in Sources */ = {isa = PBXBuildFile; fileRef = 01CA31D408493CD502FD9260 /* AgroWeatherService.swift */; };
		98784EE749DEEF1017EDF486 /* WeatherCondition.swift in Sources */ = {isa = PBXBuildFile; fileRef = 825B4E58277E1D7A0598F0B6 /* WeatherCondition.swift */; };
		C854772C2CA5284C54066F33 /* DashboardView.swift in Sources */ = {isa = PBXBuildFile; fileRef = 93EC2AB4F329AF5B76E33693 /* DashboardView.swift */; };
		ED5D6480274C408C81A1C888 /* SkyBackground.swift in Sources */ = {isa = PBXBuildFile; fileRef = 27B0E714FCA793075A26FF7C /* SkyBackground.swift */; };
		F59C2FB0808273F8FFC8BAD5 /* AgroFormat.swift in Sources */ = {isa = PBXBuildFile; fileRef = CEF32E59D1BBAFCEC6849810 /* AgroFormat.swift */; };
/* End PBXBuildFile section */

/* Begin PBXContainerItemProxy section */
		193D0A8035DE97CF1A3652FD /* PBXContainerItemProxy */ = {
			isa = PBXContainerItemProxy;
			containerPortal = 46F86FAA6BBF9AC94A7E4595 /* Project object */;
			proxyType = 1;
			remoteGlobalIDString = E3435DDA2687639586BF0B70;
			remoteInfo = Klima;
		};
/* End PBXContainerItemProxy section */

/* Begin PBXFileReference section */
		009B9C142273FBBEE0BD6576 /* HourlyStripView.swift */ = {isa = PBXFileReference; lastKnownFileType = sourcecode.swift; path = HourlyStripView.swift; sourceTree = "<group>"; };
		01CA31D408493CD502FD9260 /* AgroWeatherService.swift */ = {isa = PBXFileReference; lastKnownFileType = sourcecode.swift; path = AgroWeatherService.swift; sourceTree = "<group>"; };
		08707F96197B8A0C91B93434 /* LocationService.swift */ = {isa = PBXFileReference; lastKnownFileType = sourcecode.swift; path = LocationService.swift; sourceTree = "<group>"; };
		27B0E714FCA793075A26FF7C /* SkyBackground.swift */ = {isa = PBXFileReference; lastKnownFileType = sourcecode.swift; path = SkyBackground.swift; sourceTree = "<group>"; };
		39D975AAB74D8A287A6B7254 /* HeroView.swift */ = {isa = PBXFileReference; lastKnownFileType = sourcecode.swift; path = HeroView.swift; sourceTree = "<group>"; };
		3F0452B25BE676E099C8DFF9 /* AgroWeatherDecodingTests.swift */ = {isa = PBXFileReference; lastKnownFileType = sourcecode.swift; path = AgroWeatherDecodingTests.swift; sourceTree = "<group>"; };
		40839EA4E38B24E6B555CC61 /* SprayCardView.swift */ = {isa = PBXFileReference; lastKnownFileType = sourcecode.swift; path = SprayCardView.swift; sourceTree = "<group>"; };
		4A2507732A1784A4B8EB0921 /* DailyListView.swift */ = {isa = PBXFileReference; lastKnownFileType = sourcecode.swift; path = DailyListView.swift; sourceTree = "<group>"; };
		55D9837846F076DA896F495A /* AgroSamples.swift */ = {isa = PBXFileReference; lastKnownFileType = sourcecode.swift; path = AgroSamples.swift; sourceTree = "<group>"; };
		57C0845A4CF93D4730923065 /* DetailTile.swift */ = {isa = PBXFileReference; lastKnownFileType = sourcecode.swift; path = DetailTile.swift; sourceTree = "<group>"; };
		7B37E35ECA785B0C85EB31B2 /* AgroIndicatorsTests.swift */ = {isa = PBXFileReference; lastKnownFileType = sourcecode.swift; path = AgroIndicatorsTests.swift; sourceTree = "<group>"; };
		825B4E58277E1D7A0598F0B6 /* WeatherCondition.swift */ = {isa = PBXFileReference; lastKnownFileType = sourcecode.swift; path = WeatherCondition.swift; sourceTree = "<group>"; };
		84116E324F300217E14A7D80 /* KlimaApp.swift */ = {isa = PBXFileReference; lastKnownFileType = sourcecode.swift; path = KlimaApp.swift; sourceTree = "<group>"; };
		84337AD8D27FCD69AF2C4FC2 /* Klima.app */ = {isa = PBXFileReference; explicitFileType = wrapper.application; includeInIndex = 0; path = Klima.app; sourceTree = BUILT_PRODUCTS_DIR; };
		8B0DC023C950B262ED20013F /* AgroIndicators.swift */ = {isa = PBXFileReference; lastKnownFileType = sourcecode.swift; path = AgroIndicators.swift; sourceTree = "<group>"; };
		8D7172619DB15AD08404D409 /* Assets.xcassets */ = {isa = PBXFileReference; lastKnownFileType = folder.assetcatalog; path = Assets.xcassets; sourceTree = "<group>"; };
		8EAC6CF1F72EC8295D30BFC0 /* DashboardViewModel.swift */ = {isa = PBXFileReference; lastKnownFileType = sourcecode.swift; path = DashboardViewModel.swift; sourceTree = "<group>"; };
		93EC2AB4F329AF5B76E33693 /* DashboardView.swift */ = {isa = PBXFileReference; lastKnownFileType = sourcecode.swift; path = DashboardView.swift; sourceTree = "<group>"; };
		CEF32E59D1BBAFCEC6849810 /* AgroFormat.swift */ = {isa = PBXFileReference; lastKnownFileType = sourcecode.swift; path = AgroFormat.swift; sourceTree = "<group>"; };
		DFDED23FA58339F9273F6C84 /* KlimaTests.xctest */ = {isa = PBXFileReference; explicitFileType = wrapper.cfbundle; includeInIndex = 0; path = KlimaTests.xctest; sourceTree = BUILT_PRODUCTS_DIR; };
		E17880A312A4AE0F1F118119 /* Info.plist */ = {isa = PBXFileReference; lastKnownFileType = text.plist.xml; path = Info.plist; sourceTree = "<group>"; };
		E22F9EBB5D794EB26C40EE42 /* AgroFormatTests.swift */ = {isa = PBXFileReference; lastKnownFileType = sourcecode.swift; path = AgroFormatTests.swift; sourceTree = "<group>"; };
		F71CC5F308473AF0D312F14C /* WeatherConditionTests.swift */ = {isa = PBXFileReference; lastKnownFileType = sourcecode.swift; path = WeatherConditionTests.swift; sourceTree = "<group>"; };
/* End PBXFileReference section */

/* Begin PBXFrameworksBuildPhase section */
		6EFAB1ECC0D092E20FE51FCD /* Frameworks */ = {
			isa = PBXFrameworksBuildPhase;
			buildActionMask = 2147483647;
			files = (
			);
			runOnlyForDeploymentPostprocessing = 0;
		};
		35F1006C97E0D485FB4F1132 /* Frameworks */ = {
			isa = PBXFrameworksBuildPhase;
			buildActionMask = 2147483647;
			files = (
			);
			runOnlyForDeploymentPostprocessing = 0;
		};
/* End PBXFrameworksBuildPhase section */

/* Begin PBXGroup section */
		518DA81DB9B99529C0C0AEBE /*  */ = {
			isa = PBXGroup;
			children = (
				82CF2A43A7100F086D7FCFDD /* Klima */,
				A0937472EE5878FA82CB0F7E /* KlimaTests */,
				547D009064F7C3F13BEF3460 /* Products */,
			);
			sourceTree = "<group>";
		};
		547D009064F7C3F13BEF3460 /* Products */ = {
			isa = PBXGroup;
			children = (
				84337AD8D27FCD69AF2C4FC2 /* Klima.app */,
				DFDED23FA58339F9273F6C84 /* KlimaTests.xctest */,
			);
			name = Products;
			sourceTree = "<group>";
		};
		82CF2A43A7100F086D7FCFDD /* Klima */ = {
			isa = PBXGroup;
			children = (
				1D2F5BF9FB339F234299CFC8 /* App */,
				DD131EC962237671D266DB34 /* Models */,
				985CEF4416785ACB588F8DB4 /* Services */,
				88A1FCEFDEAB7A65D51A627F /* ViewModels */,
				0CCEE07ECE9D2EC579E24F2E /* Views */,
				BED87D8D27E536A8E36A49DA /* Resources */,
			);
			path = Klima;
			sourceTree = "<group>";
		};
		1D2F5BF9FB339F234299CFC8 /* App */ = {
			isa = PBXGroup;
			children = (
				84116E324F300217E14A7D80 /* KlimaApp.swift */,
			);
			path = App;
			sourceTree = "<group>";
		};
		DD131EC962237671D266DB34 /* Models */ = {
			isa = PBXGroup;
			children = (
				55D9837846F076DA896F495A /* AgroSamples.swift */,
				8B0DC023C950B262ED20013F /* AgroIndicators.swift */,
				825B4E58277E1D7A0598F0B6 /* WeatherCondition.swift */,
			);
			path = Models;
			sourceTree = "<group>";
		};
		985CEF4416785ACB588F8DB4 /* Services */ = {
			isa = PBXGroup;
			children = (
				01CA31D408493CD502FD9260 /* AgroWeatherService.swift */,
				08707F96197B8A0C91B93434 /* LocationService.swift */,
			);
			path = Services;
			sourceTree = "<group>";
		};
		88A1FCEFDEAB7A65D51A627F /* ViewModels */ = {
			isa = PBXGroup;
			children = (
				8EAC6CF1F72EC8295D30BFC0 /* DashboardViewModel.swift */,
			);
			path = ViewModels;
			sourceTree = "<group>";
		};
		0CCEE07ECE9D2EC579E24F2E /* Views */ = {
			isa = PBXGroup;
			children = (
				CEF32E59D1BBAFCEC6849810 /* AgroFormat.swift */,
				93EC2AB4F329AF5B76E33693 /* DashboardView.swift */,
				4A2507732A1784A4B8EB0921 /* DailyListView.swift */,
				57C0845A4CF93D4730923065 /* DetailTile.swift */,
				39D975AAB74D8A287A6B7254 /* HeroView.swift */,
				009B9C142273FBBEE0BD6576 /* HourlyStripView.swift */,
				27B0E714FCA793075A26FF7C /* SkyBackground.swift */,
				40839EA4E38B24E6B555CC61 /* SprayCardView.swift */,
			);
			path = Views;
			sourceTree = "<group>";
		};
		BED87D8D27E536A8E36A49DA /* Resources */ = {
			isa = PBXGroup;
			children = (
				8D7172619DB15AD08404D409 /* Assets.xcassets */,
				E17880A312A4AE0F1F118119 /* Info.plist */,
			);
			path = Resources;
			sourceTree = "<group>";
		};
		A0937472EE5878FA82CB0F7E /* KlimaTests */ = {
			isa = PBXGroup;
			children = (
				7B37E35ECA785B0C85EB31B2 /* AgroIndicatorsTests.swift */,
				3F0452B25BE676E099C8DFF9 /* AgroWeatherDecodingTests.swift */,
				F71CC5F308473AF0D312F14C /* WeatherConditionTests.swift */,
				E22F9EBB5D794EB26C40EE42 /* AgroFormatTests.swift */,
			);
			path = KlimaTests;
			sourceTree = "<group>";
		};
/* End PBXGroup section */

/* Begin PBXNativeTarget section */
		E3435DDA2687639586BF0B70 /* Klima */ = {
			isa = PBXNativeTarget;
			buildConfigurationList = 1D97B77EAD2380603A3F2A82 /* Build configuration list for PBXNativeTarget "Klima" */;
			buildPhases = (
				4821909E9BF9E73E471FEA84 /* Sources */,
				6EFAB1ECC0D092E20FE51FCD /* Frameworks */,
				F667297ED3AB90EAC07798D4 /* Resources */,
			);
			buildRules = (
			);
			dependencies = (
			);
			name = Klima;
			productName = Klima;
			productReference = 84337AD8D27FCD69AF2C4FC2 /* Klima.app */;
			productType = "com.apple.product-type.application";
		};
		A700229C3AC2DAE057FE5B27 /* KlimaTests */ = {
			isa = PBXNativeTarget;
			buildConfigurationList = 0F471B4923D46E58DCE40A0E /* Build configuration list for PBXNativeTarget "KlimaTests" */;
			buildPhases = (
				D3B6D4B6799995BE6A7BCB75 /* Sources */,
				35F1006C97E0D485FB4F1132 /* Frameworks */,
				6D500EBBE8103AB1D9AC843C /* Resources */,
			);
			buildRules = (
			);
			dependencies = (
				5A0AB56B64A077C4F9DAD608 /* PBXTargetDependency */,
			);
			name = KlimaTests;
			productName = KlimaTests;
			productReference = DFDED23FA58339F9273F6C84 /* KlimaTests.xctest */;
			productType = "com.apple.product-type.bundle.unit-test";
		};
/* End PBXNativeTarget section */

/* Begin PBXProject section */
		46F86FAA6BBF9AC94A7E4595 /* Project object */ = {
			isa = PBXProject;
			attributes = {
				BuildIndependentTargetsInParallel = 1;
				LastSwiftUpdateCheck = 1500;
				LastUpgradeCheck = 1500;
				TargetAttributes = {
					E3435DDA2687639586BF0B70 = {
						CreatedOnToolsVersion = 15.0;
					};
					A700229C3AC2DAE057FE5B27 = {
						CreatedOnToolsVersion = 15.0;
						TestTargetID = E3435DDA2687639586BF0B70;
					};
				};
			};
			buildConfigurationList = 1F4E3D13C2320EDA50221924 /* Build configuration list for PBXProject "Klima" */;
			compatibilityVersion = "Xcode 14.0";
			developmentRegion = fr;
			hasScannedForEncodings = 0;
			knownRegions = (
				fr,
				en,
				Base,
			);
			mainGroup = 518DA81DB9B99529C0C0AEBE;
			productRefGroup = 547D009064F7C3F13BEF3460 /* Products */;
			projectDirPath = "";
			projectRoot = "";
			targets = (
				E3435DDA2687639586BF0B70 /* Klima */,
				A700229C3AC2DAE057FE5B27 /* KlimaTests */,
			);
		};
/* End PBXProject section */

/* Begin PBXResourcesBuildPhase section */
		F667297ED3AB90EAC07798D4 /* Resources */ = {
			isa = PBXResourcesBuildPhase;
			buildActionMask = 2147483647;
			files = (
				1A130F063342B72B457FC015 /* Assets.xcassets in Resources */,
			);
			runOnlyForDeploymentPostprocessing = 0;
		};
		6D500EBBE8103AB1D9AC843C /* Resources */ = {
			isa = PBXResourcesBuildPhase;
			buildActionMask = 2147483647;
			files = (
			);
			runOnlyForDeploymentPostprocessing = 0;
		};
/* End PBXResourcesBuildPhase section */

/* Begin PBXSourcesBuildPhase section */
		4821909E9BF9E73E471FEA84 /* Sources */ = {
			isa = PBXSourcesBuildPhase;
			buildActionMask = 2147483647;
			files = (
				24CA7F13131AEBCF7A64E4F3 /* KlimaApp.swift in Sources */,
				85CA810AE3589C6B30CAFB6F /* AgroSamples.swift in Sources */,
				51054172AD319320D71CEA33 /* AgroIndicators.swift in Sources */,
				98784EE749DEEF1017EDF486 /* WeatherCondition.swift in Sources */,
				92ED5AA3CD3F48E0A5F3C553 /* AgroWeatherService.swift in Sources */,
				283A94658C4BF890014C510B /* LocationService.swift in Sources */,
				6CA0879E8E9DEEB22B32B61F /* DashboardViewModel.swift in Sources */,
				F59C2FB0808273F8FFC8BAD5 /* AgroFormat.swift in Sources */,
				C854772C2CA5284C54066F33 /* DashboardView.swift in Sources */,
				67FC76359AD16BC4695DEADF /* DailyListView.swift in Sources */,
				5CB1DC4D9E9EF3CBD328F32A /* DetailTile.swift in Sources */,
				2464C2E49CFAC0B3B4CA09A1 /* HeroView.swift in Sources */,
				8E2514CD7022B11A162D60FF /* HourlyStripView.swift in Sources */,
				ED5D6480274C408C81A1C888 /* SkyBackground.swift in Sources */,
				82D02C519B480C193578D0CB /* SprayCardView.swift in Sources */,
			);
			runOnlyForDeploymentPostprocessing = 0;
		};
		D3B6D4B6799995BE6A7BCB75 /* Sources */ = {
			isa = PBXSourcesBuildPhase;
			buildActionMask = 2147483647;
			files = (
				861A80365F23BD9F86CFDA99 /* AgroIndicatorsTests.swift in Sources */,
				566DADF1BB936E66C038F7E7 /* AgroWeatherDecodingTests.swift in Sources */,
				719AE84CF3AE3953C830D50B /* WeatherConditionTests.swift in Sources */,
				2480C8BED00599CB4A37BE3A /* AgroFormatTests.swift in Sources */,
			);
			runOnlyForDeploymentPostprocessing = 0;
		};
/* End PBXSourcesBuildPhase section */

/* Begin PBXTargetDependency section */
		5A0AB56B64A077C4F9DAD608 /* PBXTargetDependency */ = {
			isa = PBXTargetDependency;
			target = E3435DDA2687639586BF0B70 /* Klima */;
			targetProxy = 193D0A8035DE97CF1A3652FD /* PBXContainerItemProxy */;
		};
/* End PBXTargetDependency section */

/* Begin XCBuildConfiguration section */
		4A43692AD8BCEEB8B727C85B /* Debug */ = {
			isa = XCBuildConfiguration;
			buildSettings = {
				ALWAYS_SEARCH_USER_PATHS = NO;
				ASSETCATALOG_COMPILER_GENERATE_ASSET_SYMBOL_FRAMEWORKS = SwiftUI;
				CLANG_ANALYZER_NONNULL = YES;
				CLANG_ANALYZER_NUMBER_OBJECT_CONVERSION = YES_AGGRESSIVE;
				CLANG_CXX_LANGUAGE_STANDARD = "gnu++20";
				CLANG_ENABLE_MODULES = YES;
				CLANG_ENABLE_OBJC_ARC = YES;
				CLANG_ENABLE_OBJC_WEAK = YES;
				CLANG_WARN_BLOCK_CAPTURE_AUTORELEASING = YES;
				CLANG_WARN_BOOL_CONVERSION = YES;
				CLANG_WARN_COMMA = YES;
				CLANG_WARN_CONSTANT_CONVERSION = YES;
				CLANG_WARN_DEPRECATED_OBJC_IMPLEMENTATIONS = YES;
				CLANG_WARN_DIRECT_OBJC_ISA_USAGE = YES_ERROR;
				CLANG_WARN_DOCUMENTATION_COMMENTS = YES;
				CLANG_WARN_EMPTY_BODY = YES;
				CLANG_WARN_ENUM_CONVERSION = YES;
				CLANG_WARN_INFINITE_RECURSION = YES;
				CLANG_WARN_INT_CONVERSION = YES;
				CLANG_WARN_NON_LITERAL_NULL_CONVERSION = YES;
				CLANG_WARN_OBJC_IMPLICIT_RETAIN_SELF = YES;
				CLANG_WARN_OBJC_LITERAL_CONVERSION = YES;
				CLANG_WARN_OBJC_ROOT_CLASS = YES_ERROR;
				CLANG_WARN_QUOTED_INCLUDE_IN_FRAMEWORK_HEADER = YES;
				CLANG_WARN_RANGE_LOOP_ANALYSIS = YES;
				CLANG_WARN_STRICT_PROTOTYPES = YES;
				CLANG_WARN_SUSPICIOUS_MOVE = YES;
				CLANG_WARN_UNGUARDED_AVAILABILITY = YES_AGGRESSIVE;
				CLANG_WARN_UNREACHABLE_CODE = YES;
				CLANG_WARN__DUPLICATE_METHOD_MATCH = YES;
				COPY_PHASE_STRIP = NO;
				ENABLE_STRICT_OBJC_MSGSEND = YES;
				ENABLE_USER_SCRIPT_SANDBOXING = YES;
				GCC_C_LANGUAGE_STANDARD = gnu17;
				GCC_NO_COMMON_BLOCKS = YES;
				GCC_WARN_64_TO_32_BIT_CONVERSION = YES;
				GCC_WARN_ABOUT_RETURN_TYPE = YES_ERROR;
				GCC_WARN_UNDECLARED_SELECTOR = YES;
				GCC_WARN_UNINITIALIZED_AUTOS = YES_AGGRESSIVE;
				GCC_WARN_UNUSED_FUNCTION = YES;
				GCC_WARN_UNUSED_VARIABLE = YES;
				IPHONEOS_DEPLOYMENT_TARGET = 17.0;
				LOCALIZATION_PREFERS_STRING_CATALOGS = YES;
				MTL_FAST_MATH = YES;
				SDKROOT = iphoneos;
				DEBUG_INFORMATION_FORMAT = dwarf;
				ENABLE_TESTABILITY = YES;
				GCC_DYNAMIC_NO_PIC = NO;
				GCC_OPTIMIZATION_LEVEL = 0;
				GCC_PREPROCESSOR_DEFINITIONS = (
					"DEBUG=1",
					"$(inherited)",
				);
				MTL_ENABLE_DEBUG_INFO = INCLUDE_SOURCE;
				ONLY_ACTIVE_ARCH = YES;
				SWIFT_ACTIVE_COMPILATION_CONDITIONS = "DEBUG $(inherited)";
				SWIFT_OPTIMIZATION_LEVEL = "-Onone";
			};
			name = Debug;
		};
		C28449456A5A705A7479770B /* Release */ = {
			isa = XCBuildConfiguration;
			buildSettings = {
				ALWAYS_SEARCH_USER_PATHS = NO;
				ASSETCATALOG_COMPILER_GENERATE_ASSET_SYMBOL_FRAMEWORKS = SwiftUI;
				CLANG_ANALYZER_NONNULL = YES;
				CLANG_ANALYZER_NUMBER_OBJECT_CONVERSION = YES_AGGRESSIVE;
				CLANG_CXX_LANGUAGE_STANDARD = "gnu++20";
				CLANG_ENABLE_MODULES = YES;
				CLANG_ENABLE_OBJC_ARC = YES;
				CLANG_ENABLE_OBJC_WEAK = YES;
				CLANG_WARN_BLOCK_CAPTURE_AUTORELEASING = YES;
				CLANG_WARN_BOOL_CONVERSION = YES;
				CLANG_WARN_COMMA = YES;
				CLANG_WARN_CONSTANT_CONVERSION = YES;
				CLANG_WARN_DEPRECATED_OBJC_IMPLEMENTATIONS = YES;
				CLANG_WARN_DIRECT_OBJC_ISA_USAGE = YES_ERROR;
				CLANG_WARN_DOCUMENTATION_COMMENTS = YES;
				CLANG_WARN_EMPTY_BODY = YES;
				CLANG_WARN_ENUM_CONVERSION = YES;
				CLANG_WARN_INFINITE_RECURSION = YES;
				CLANG_WARN_INT_CONVERSION = YES;
				CLANG_WARN_NON_LITERAL_NULL_CONVERSION = YES;
				CLANG_WARN_OBJC_IMPLICIT_RETAIN_SELF = YES;
				CLANG_WARN_OBJC_LITERAL_CONVERSION = YES;
				CLANG_WARN_OBJC_ROOT_CLASS = YES_ERROR;
				CLANG_WARN_QUOTED_INCLUDE_IN_FRAMEWORK_HEADER = YES;
				CLANG_WARN_RANGE_LOOP_ANALYSIS = YES;
				CLANG_WARN_STRICT_PROTOTYPES = YES;
				CLANG_WARN_SUSPICIOUS_MOVE = YES;
				CLANG_WARN_UNGUARDED_AVAILABILITY = YES_AGGRESSIVE;
				CLANG_WARN_UNREACHABLE_CODE = YES;
				CLANG_WARN__DUPLICATE_METHOD_MATCH = YES;
				COPY_PHASE_STRIP = NO;
				ENABLE_STRICT_OBJC_MSGSEND = YES;
				ENABLE_USER_SCRIPT_SANDBOXING = YES;
				GCC_C_LANGUAGE_STANDARD = gnu17;
				GCC_NO_COMMON_BLOCKS = YES;
				GCC_WARN_64_TO_32_BIT_CONVERSION = YES;
				GCC_WARN_ABOUT_RETURN_TYPE = YES_ERROR;
				GCC_WARN_UNDECLARED_SELECTOR = YES;
				GCC_WARN_UNINITIALIZED_AUTOS = YES_AGGRESSIVE;
				GCC_WARN_UNUSED_FUNCTION = YES;
				GCC_WARN_UNUSED_VARIABLE = YES;
				IPHONEOS_DEPLOYMENT_TARGET = 17.0;
				LOCALIZATION_PREFERS_STRING_CATALOGS = YES;
				MTL_FAST_MATH = YES;
				SDKROOT = iphoneos;
				DEBUG_INFORMATION_FORMAT = "dwarf-with-dsym";
				ENABLE_NS_ASSERTIONS = NO;
				MTL_ENABLE_DEBUG_INFO = NO;
				SWIFT_COMPILATION_MODE = wholemodule;
				VALIDATE_PRODUCT = YES;
			};
			name = Release;
		};
		0615050D04BD2DC4E6CFFAFF /* Debug */ = {
			isa = XCBuildConfiguration;
			buildSettings = {
				ASSETCATALOG_COMPILER_APPICON_NAME = AppIcon;
				ASSETCATALOG_COMPILER_GLOBAL_ACCENT_COLOR_NAME = AccentColor;
				CODE_SIGN_STYLE = Automatic;
				CURRENT_PROJECT_VERSION = 1;
				ENABLE_PREVIEWS = YES;
				GENERATE_INFOPLIST_FILE = NO;
				INFOPLIST_FILE = Klima/Resources/Info.plist;
				LD_RUNPATH_SEARCH_PATHS = (
					"$(inherited)",
					"@executable_path/Frameworks",
				);
				MARKETING_VERSION = 1.0;
				PRODUCT_BUNDLE_IDENTIFIER = com.klima.app;
				PRODUCT_NAME = "$(TARGET_NAME)";
				SWIFT_EMIT_LOC_STRINGS = YES;
				SWIFT_VERSION = 5.0;
				TARGETED_DEVICE_FAMILY = "1,2";
			};
			name = Debug;
		};
		2761849A6D0E26CA4E1817A1 /* Release */ = {
			isa = XCBuildConfiguration;
			buildSettings = {
				ASSETCATALOG_COMPILER_APPICON_NAME = AppIcon;
				ASSETCATALOG_COMPILER_GLOBAL_ACCENT_COLOR_NAME = AccentColor;
				CODE_SIGN_STYLE = Automatic;
				CURRENT_PROJECT_VERSION = 1;
				ENABLE_PREVIEWS = YES;
				GENERATE_INFOPLIST_FILE = NO;
				INFOPLIST_FILE = Klima/Resources/Info.plist;
				LD_RUNPATH_SEARCH_PATHS = (
					"$(inherited)",
					"@executable_path/Frameworks",
				);
				MARKETING_VERSION = 1.0;
				PRODUCT_BUNDLE_IDENTIFIER = com.klima.app;
				PRODUCT_NAME = "$(TARGET_NAME)";
				SWIFT_EMIT_LOC_STRINGS = YES;
				SWIFT_VERSION = 5.0;
				TARGETED_DEVICE_FAMILY = "1,2";
			};
			name = Release;
		};
		FC45C70AF9BBBC9692F6FCD0 /* Debug */ = {
			isa = XCBuildConfiguration;
			buildSettings = {
				BUNDLE_LOADER = "$(TEST_HOST)";
				CODE_SIGN_STYLE = Automatic;
				CURRENT_PROJECT_VERSION = 1;
				GENERATE_INFOPLIST_FILE = YES;
				MARKETING_VERSION = 1.0;
				PRODUCT_BUNDLE_IDENTIFIER = com.klima.app.tests;
				PRODUCT_NAME = "$(TARGET_NAME)";
				SWIFT_EMIT_LOC_STRINGS = NO;
				SWIFT_VERSION = 5.0;
				TARGETED_DEVICE_FAMILY = "1,2";
				TEST_HOST = "$(BUILT_PRODUCTS_DIR)/Klima.app/$(BUNDLE_EXECUTABLE_FOLDER_PATH)/Klima";
			};
			name = Debug;
		};
		3B9DBBBF25E35C4FAE79C30C /* Release */ = {
			isa = XCBuildConfiguration;
			buildSettings = {
				BUNDLE_LOADER = "$(TEST_HOST)";
				CODE_SIGN_STYLE = Automatic;
				CURRENT_PROJECT_VERSION = 1;
				GENERATE_INFOPLIST_FILE = YES;
				MARKETING_VERSION = 1.0;
				PRODUCT_BUNDLE_IDENTIFIER = com.klima.app.tests;
				PRODUCT_NAME = "$(TARGET_NAME)";
				SWIFT_EMIT_LOC_STRINGS = NO;
				SWIFT_VERSION = 5.0;
				TARGETED_DEVICE_FAMILY = "1,2";
				TEST_HOST = "$(BUILT_PRODUCTS_DIR)/Klima.app/$(BUNDLE_EXECUTABLE_FOLDER_PATH)/Klima";
			};
			name = Release;
		};
/* End XCBuildConfiguration section */

/* Begin XCConfigurationList section */
		1F4E3D13C2320EDA50221924 /* Build configuration list for PBXProject "Klima" */ = {
			isa = XCConfigurationList;
			buildConfigurations = (
				4A43692AD8BCEEB8B727C85B /* Debug */,
				C28449456A5A705A7479770B /* Release */,
			);
			defaultConfigurationIsVisible = 0;
			defaultConfigurationName = Release;
		};
		1D97B77EAD2380603A3F2A82 /* Build configuration list for PBXNativeTarget "Klima" */ = {
			isa = XCConfigurationList;
			buildConfigurations = (
				0615050D04BD2DC4E6CFFAFF /* Debug */,
				2761849A6D0E26CA4E1817A1 /* Release */,
			);
			defaultConfigurationIsVisible = 0;
			defaultConfigurationName = Release;
		};
		0F471B4923D46E58DCE40A0E /* Build configuration list for PBXNativeTarget "KlimaTests" */ = {
			isa = XCConfigurationList;
			buildConfigurations = (
				FC45C70AF9BBBC9692F6FCD0 /* Debug */,
				3B9DBBBF25E35C4FAE79C30C /* Release */,
			);
			defaultConfigurationIsVisible = 0;
			defaultConfigurationName = Release;
		};
/* End XCConfigurationList section */
	};
	rootObject = 46F86FAA6BBF9AC94A7E4595 /* Project object */;
}
