// !$*UTF8*$!
{
	archiveVersion = 1;
	classes = {
	};
	objectVersion = 56;
	objects = {

/* Begin PBXBuildFile section */
		02B2BECE670FA06BEF82490D /* Consensus.swift in Sources */ = {isa = PBXBuildFile; fileRef = 4720B7B1832151B0FB656485 /* Consensus.swift */; };
		030C9CE889BD9AD635C33428 /* AgroFormat.swift in Sources */ = {isa = PBXBuildFile; fileRef = B457BBEBEAB42296C88BBA73 /* AgroFormat.swift */; };
		0359376CE5438049AEDA2652 /* HourlyStripView.swift in Sources */ = {isa = PBXBuildFile; fileRef = D70921AA7E1E94DD9264ACE0 /* HourlyStripView.swift */; };
		0361672A474EBC61E33E5BDF /* DailyListView.swift in Sources */ = {isa = PBXBuildFile; fileRef = D1CBB225EB1F79C894350D65 /* DailyListView.swift */; };
		06FD740CB03C528DA7CAD222 /* Subscription.swift in Sources */ = {isa = PBXBuildFile; fileRef = 3A92F285D90BF784E3CE2062 /* Subscription.swift */; };
		076631A9A497778C8DACA248 /* KliimaWidgetsBundle.swift in Sources */ = {isa = PBXBuildFile; fileRef = 8B148DA87ACC29FF2D439C47 /* KliimaWidgetsBundle.swift */; };
		094ACA9848B6A74ED1846458 /* CumulsTests.swift in Sources */ = {isa = PBXBuildFile; fileRef = C97139E68009C8F299BB5EF6 /* CumulsTests.swift */; };
		0BB56120FCC1896DDD3C211C /* LocationService.swift in Sources */ = {isa = PBXBuildFile; fileRef = 8FCC89F11BCF6BA08E68ADF1 /* LocationService.swift */; };
		122A060395C5DCFBBD6EE3CD /* KliimaWidgets.appex in Embed Foundation Extensions */ = {isa = PBXBuildFile; fileRef = 9806D2D88C6DC00561E1AA4F /* KliimaWidgets.appex */; settings = {ATTRIBUTES = (RemoveHeadersOnCopy, ); }; };
		14DA38B392C3F9CCE393DC2F /* Plan.swift in Sources */ = {isa = PBXBuildFile; fileRef = ACDA8384F78BD3E95B72FB7A /* Plan.swift */; };
		1EE8D32E4688E1C5E7963471 /* Cumuls.swift in Sources */ = {isa = PBXBuildFile; fileRef = 701558C0E92F12ECB916E1C6 /* Cumuls.swift */; };
		214352D01F675595A3F3654A /* AlertsTests.swift in Sources */ = {isa = PBXBuildFile; fileRef = 70A323DF1CDDEA680AC90086 /* AlertsTests.swift */; };
		21C1E31CFC40D9A436686E87 /* Alerts.swift in Sources */ = {isa = PBXBuildFile; fileRef = 9707DFF5CA818F05AB43EBA1 /* Alerts.swift */; };
		24141C10E98B7C3F39FDEA2F /* WatchViewModel.swift in Sources */ = {isa = PBXBuildFile; fileRef = 9DFCEE1BB00EFE0321D4C01A /* WatchViewModel.swift */; };
		257D3B727C84AFDA7BB58E05 /* Localizable.xcstrings in Resources */ = {isa = PBXBuildFile; fileRef = BDAA24888AF82B3F0F77BEAC /* Localizable.xcstrings */; };
		294494102F3820F390FEB5FA /* KliimaWatchWidgetsBundle.swift in Sources */ = {isa = PBXBuildFile; fileRef = E2F29AC239FEE014AA2A291D /* KliimaWatchWidgetsBundle.swift */; };
		2AEC62A5036EAA7E15DEBBBF /* WeatherProviders.swift in Sources */ = {isa = PBXBuildFile; fileRef = 3B02EF58B1456D6BD190EA69 /* WeatherProviders.swift */; };
		2BA6437E69EC0235D55E9D2F /* AgroIndicators.swift in Sources */ = {isa = PBXBuildFile; fileRef = 9535087DBAA65F2039A9CA7B /* AgroIndicators.swift */; };
		2BCB184BFCC26AB6AE111812 /* Register.swift in Sources */ = {isa = PBXBuildFile; fileRef = F5DE221E004C2ABBAC38370E /* Register.swift */; };
		2C5251C79FF8E5AD1B1F7675 /* Assets.xcassets in Resources */ = {isa = PBXBuildFile; fileRef = EB3BB0251C5B6D7194C4AEE4 /* Assets.xcassets */; };
		2C7E17E75DF8AE00EEC0C792 /* SprayLiveActivity.swift in Sources */ = {isa = PBXBuildFile; fileRef = E950878EBB34FE4C01AA2C13 /* SprayLiveActivity.swift */; };
		2E0D26664442860C4D4A811C /* AgroWeatherService.swift in Sources */ = {isa = PBXBuildFile; fileRef = B4F0E666C771746CB3FD57AF /* AgroWeatherService.swift */; };
		2FFBBB2CCFB554A336473DB6 /* AgroIndicators.swift in Sources */ = {isa = PBXBuildFile; fileRef = 9535087DBAA65F2039A9CA7B /* AgroIndicators.swift */; };
		317C56C150A3B3029EE56C77 /* Consensus.swift in Sources */ = {isa = PBXBuildFile; fileRef = 4720B7B1832151B0FB656485 /* Consensus.swift */; };
		350B2E01FD4923DABD95686C /* SprayActivityController.swift in Sources */ = {isa = PBXBuildFile; fileRef = F20A680382FE74EE4D9DD82E /* SprayActivityController.swift */; };
		3762E6DF1044E9750F48FCB4 /* Assets.xcassets in Resources */ = {isa = PBXBuildFile; fileRef = 97EF0E5CB49DC180AB4601DB /* Assets.xcassets */; };
		376325F7C939B114AFF108B3 /* AgroSamples.swift in Sources */ = {isa = PBXBuildFile; fileRef = 2D56D2AFEB6AE6DB08B2F311 /* AgroSamples.swift */; };
		39174010BBCB45A96CCCC41F /* AgroSamples.swift in Sources */ = {isa = PBXBuildFile; fileRef = 2D56D2AFEB6AE6DB08B2F311 /* AgroSamples.swift */; };
		3C2CE8F8F6017276AD70D067 /* AgroWeatherService.swift in Sources */ = {isa = PBXBuildFile; fileRef = B4F0E666C771746CB3FD57AF /* AgroWeatherService.swift */; };
		3D992A5AAC326C078E61CB00 /* Cumuls.swift in Sources */ = {isa = PBXBuildFile; fileRef = 701558C0E92F12ECB916E1C6 /* Cumuls.swift */; };
		421B6FEE5575083F54E009D5 /* WeatherCondition.swift in Sources */ = {isa = PBXBuildFile; fileRef = 6580A8FAA2962596D57856A9 /* WeatherCondition.swift */; };
		43C88D74E43EBFC3FF3A51F8 /* Alerts.swift in Sources */ = {isa = PBXBuildFile; fileRef = 9707DFF5CA818F05AB43EBA1 /* Alerts.swift */; };
		49FD2887070E46F84706F388 /* AgroIndicators.swift in Sources */ = {isa = PBXBuildFile; fileRef = 9535087DBAA65F2039A9CA7B /* AgroIndicators.swift */; };
		4FEE791FA44A990E010B9616 /* AgroFormat.swift in Sources */ = {isa = PBXBuildFile; fileRef = B457BBEBEAB42296C88BBA73 /* AgroFormat.swift */; };
		51EABAB1CB6EC84EC5CDA384 /* PaywallView.swift in Sources */ = {isa = PBXBuildFile; fileRef = 72250014395A5607AA9841A4 /* PaywallView.swift */; };
		531D9C2CEFE1FBC7E4E32098 /* Localizable.xcstrings in Resources */ = {isa = PBXBuildFile; fileRef = BDAA24888AF82B3F0F77BEAC /* Localizable.xcstrings */; };
		5B206D3E23E0CB6F2B797D0D /* ProvidersTests.swift in Sources */ = {isa = PBXBuildFile; fileRef = B7DCA75C69B7079D7387BB77 /* ProvidersTests.swift */; };
		5C2F375DC4671BD9665C2407 /* ConsensusTests.swift in Sources */ = {isa = PBXBuildFile; fileRef = 58093B38B279A9D62D8B393B /* ConsensusTests.swift */; };
		5E6BDDAD87D4DAE5C88DC491 /* Localized.swift in Sources */ = {isa = PBXBuildFile; fileRef = 5450F8A4FCE049DD06100EC9 /* Localized.swift */; };
		5ECC27DB15B1B6A895F5D5C0 /* AgroSamples.swift in Sources */ = {isa = PBXBuildFile; fileRef = 2D56D2AFEB6AE6DB08B2F311 /* AgroSamples.swift */; };
		62C018848976B2F22948659E /* InfoPlist.xcstrings in Resources */ = {isa = PBXBuildFile; fileRef = 0D5EBEB31B8DF6AAD5C55101 /* InfoPlist.xcstrings */; };
		677955C29F1D1BDB5D023D77 /* Cumuls.swift in Sources */ = {isa = PBXBuildFile; fileRef = 701558C0E92F12ECB916E1C6 /* Cumuls.swift */; };
		6824ECA3A5F713654AF4B0AE /* Plan.swift in Sources */ = {isa = PBXBuildFile; fileRef = ACDA8384F78BD3E95B72FB7A /* Plan.swift */; };
		68A56F98E3005685017A31F9 /* SprayActivityTests.swift in Sources */ = {isa = PBXBuildFile; fileRef = C634F133C7CC1216F9C71EE8 /* SprayActivityTests.swift */; };
		6FEBD20EBF3E8E706C271299 /* WeatherConditionTests.swift in Sources */ = {isa = PBXBuildFile; fileRef = 5957CAFC6F87D0B5FCCC85D5 /* WeatherConditionTests.swift */; };
		75B7603DA24E91F064329C28 /* WeatherCondition.swift in Sources */ = {isa = PBXBuildFile; fileRef = 6580A8FAA2962596D57856A9 /* WeatherCondition.swift */; };
		75D5E0D8A31863851C69EE99 /* AgroFormat.swift in Sources */ = {isa = PBXBuildFile; fileRef = B457BBEBEAB42296C88BBA73 /* AgroFormat.swift */; };
		76202832C5BEB4656447DEBD /* KliimaWatchApp.swift in Sources */ = {isa = PBXBuildFile; fileRef = A5C4EEEC1517071A02768BFA /* KliimaWatchApp.swift */; };
		77407BAE424DC91B26C7EF09 /* DetailTile.swift in Sources */ = {isa = PBXBuildFile; fileRef = 5AD6285EE75DA0AD1F4E4FE1 /* DetailTile.swift */; };
		78DE2827430FE8E03E520FB2 /* AgroIndicators.swift in Sources */ = {isa = PBXBuildFile; fileRef = 9535087DBAA65F2039A9CA7B /* AgroIndicators.swift */; };
		79320F1D2A6C540B619E896D /* WeatherProviders.swift in Sources */ = {isa = PBXBuildFile; fileRef = 3B02EF58B1456D6BD190EA69 /* WeatherProviders.swift */; };
		7F8BC1BFEB1A56B35A0BD54E /* Localized.swift in Sources */ = {isa = PBXBuildFile; fileRef = 5450F8A4FCE049DD06100EC9 /* Localized.swift */; };
		82DE81496D9B0819DD2B7C0E /* KliimaApp.swift in Sources */ = {isa = PBXBuildFile; fileRef = C2046E03783B437CAFA8D461 /* KliimaApp.swift */; };
		837F0C53FB92BB10E5D4757D /* BackgroundRefresh.swift in Sources */ = {isa = PBXBuildFile; fileRef = 5EC9D5F7632B1EF2E5B81F82 /* BackgroundRefresh.swift */; };
		8493BAC3272CA6D47A52366F /* AgroWeatherService.swift in Sources */ = {isa = PBXBuildFile; fileRef = B4F0E666C771746CB3FD57AF /* AgroWeatherService.swift */; };
		8615D8B794C5FBE4A4DAE264 /* Localizable.xcstrings in Resources */ = {isa = PBXBuildFile; fileRef = BDAA24888AF82B3F0F77BEAC /* Localizable.xcstrings */; };
		885336CB26E425DA0965E9F3 /* Alerts.swift in Sources */ = {isa = PBXBuildFile; fileRef = 9707DFF5CA818F05AB43EBA1 /* Alerts.swift */; };
		8A07E62E58709DBFD68788BB /* WeatherCondition.swift in Sources */ = {isa = PBXBuildFile; fileRef = 6580A8FAA2962596D57856A9 /* WeatherCondition.swift */; };
		8A726D0200CD48CA03151AA6 /* KliimaWatchWidgets.appex in Embed Foundation Extensions */ = {isa = PBXBuildFile; fileRef = E4146898ED70D1C4345707CD /* KliimaWatchWidgets.appex */; settings = {ATTRIBUTES = (RemoveHeadersOnCopy, ); }; };
		8BE83CA9E5B699D4CA061FBF /* Plan.swift in Sources */ = {isa = PBXBuildFile; fileRef = ACDA8384F78BD3E95B72FB7A /* Plan.swift */; };
		8DA17F2E82EF39FB47A9BC23 /* Localized.swift in Sources */ = {isa = PBXBuildFile; fileRef = 5450F8A4FCE049DD06100EC9 /* Localized.swift */; };
		8F4E7FAC158D1BB25607DBCD /* AgroWeatherDecodingTests.swift in Sources */ = {isa = PBXBuildFile; fileRef = 50FD6BD0437A604828C49471 /* AgroWeatherDecodingTests.swift */; };
		900176DFAC3BB33859BD5893 /* SkyBackground.swift in Sources */ = {isa = PBXBuildFile; fileRef = A37F792453EED1853EB12C4B /* SkyBackground.swift */; };
		92D12933354038E8F839157E /* AgroIndicatorsTests.swift in Sources */ = {isa = PBXBuildFile; fileRef = 33D55B8989CBA83AAEDF908F /* AgroIndicatorsTests.swift */; };
		96A4E1A6DD8A75B811BE93A9 /* AgroWeatherService.swift in Sources */ = {isa = PBXBuildFile; fileRef = B4F0E666C771746CB3FD57AF /* AgroWeatherService.swift */; };
		99FE4D659051ED8746BC56E8 /* SprayComplication.swift in Sources */ = {isa = PBXBuildFile; fileRef = 6CF1D4F0A0F98BB261827EF5 /* SprayComplication.swift */; };
		9FC94FB16BA6F1ED4CB25090 /* Register.swift in Sources */ = {isa = PBXBuildFile; fileRef = F5DE221E004C2ABBAC38370E /* Register.swift */; };
		A175AFBC7198678FA723B024 /* SprayWidget.swift in Sources */ = {isa = PBXBuildFile; fileRef = E11C6E9B05EF6074F1829033 /* SprayWidget.swift */; };
		A41D0AEDD3950F1E162A5EB2 /* Plan.swift in Sources */ = {isa = PBXBuildFile; fileRef = ACDA8384F78BD3E95B72FB7A /* Plan.swift */; };
		A5096683B0D64D48DE29C934 /* DashboardView.swift in Sources */ = {isa = PBXBuildFile; fileRef = 433301E88D0ACA32C67F98AB /* DashboardView.swift */; };
		ADD71A52B7936C88EF9722CF /* Register.swift in Sources */ = {isa = PBXBuildFile; fileRef = F5DE221E004C2ABBAC38370E /* Register.swift */; };
		AEC629F18D9A2966E5175006 /* Alerts.swift in Sources */ = {isa = PBXBuildFile; fileRef = 9707DFF5CA818F05AB43EBA1 /* Alerts.swift */; };
		B1FB7CA872E121CB45BCB0FC /* AgroSamples.swift in Sources */ = {isa = PBXBuildFile; fileRef = 2D56D2AFEB6AE6DB08B2F311 /* AgroSamples.swift */; };
		B2B2C443093539AEBE5AE426 /* Localizable.xcstrings in Resources */ = {isa = PBXBuildFile; fileRef = BDAA24888AF82B3F0F77BEAC /* Localizable.xcstrings */; };
		B63FB3738E4E8A74A37E4104 /* SharedStore.swift in Sources */ = {isa = PBXBuildFile; fileRef = 817D0E86880F9A5C255CC9CA /* SharedStore.swift */; };
		B6BE20AE614CC1FA23FF70B3 /* LocationService.swift in Sources */ = {isa = PBXBuildFile; fileRef = 8FCC89F11BCF6BA08E68ADF1 /* LocationService.swift */; };
		B7BA648ECB503BA675BBDE07 /* PlanTests.swift in Sources */ = {isa = PBXBuildFile; fileRef = 6C5717DB9A72E3BC677A00B3 /* PlanTests.swift */; };
		B881BEE60D7B2CB8EEE12BC1 /* RegisterTests.swift in Sources */ = {isa = PBXBuildFile; fileRef = BD096399F9FBD57D28CC36F4 /* RegisterTests.swift */; };
		BCA77F887960BBB8B6530C3D /* SharedStore.swift in Sources */ = {isa = PBXBuildFile; fileRef = 817D0E86880F9A5C255CC9CA /* SharedStore.swift */; };
		BFECAE5FE146209EE48874C0 /* HeroView.swift in Sources */ = {isa = PBXBuildFile; fileRef = 07648D3F3C3D6F0CFF6F562F /* HeroView.swift */; };
		C188257FC6E79EA1D45FD4E5 /* SprayActivityAttributes.swift in Sources */ = {isa = PBXBuildFile; fileRef = 3CC70E8067AA900DADB695A0 /* SprayActivityAttributes.swift */; };
		C7F3184030D7D939A4CF6885 /* Consensus.swift in Sources */ = {isa = PBXBuildFile; fileRef = 4720B7B1832151B0FB656485 /* Consensus.swift */; };
		C95DA666AA21E005D127B225 /* Localized.swift in Sources */ = {isa = PBXBuildFile; fileRef = 5450F8A4FCE049DD06100EC9 /* Localized.swift */; };
		CD50AC741D60BCE2B9A76E96 /* WeatherProviders.swift in Sources */ = {isa = PBXBuildFile; fileRef = 3B02EF58B1456D6BD190EA69 /* WeatherProviders.swift */; };
		CE6773B648CF3706170D8392 /* Cumuls.swift in Sources */ = {isa = PBXBuildFile; fileRef = 701558C0E92F12ECB916E1C6 /* Cumuls.swift */; };
		D269F5D10E3228E37C1E20ED /* LocalizationTests.swift in Sources */ = {isa = PBXBuildFile; fileRef = 884410DA2162211647EB6D45 /* LocalizationTests.swift */; };
		D45B1BDA0C9B9713831FA3A2 /* AgroFormatTests.swift in Sources */ = {isa = PBXBuildFile; fileRef = 8E172A50C653860D0436BDA6 /* AgroFormatTests.swift */; };
		D461CDD744E459C7FF88E76F /* WeatherProviders.swift in Sources */ = {isa = PBXBuildFile; fileRef = 3B02EF58B1456D6BD190EA69 /* WeatherProviders.swift */; };
		D4E428A194F9BBE7D25648FD /* WatchDashboardView.swift in Sources */ = {isa = PBXBuildFile; fileRef = 1A5124FDFE368E7208E1385D /* WatchDashboardView.swift */; };
		DEA0EE17388FB7558136498A /* InfoPlist.xcstrings in Resources */ = {isa = PBXBuildFile; fileRef = 0D5EBEB31B8DF6AAD5C55101 /* InfoPlist.xcstrings */; };
		E016E78093754332382D4C89 /* AlertScheduler.swift in Sources */ = {isa = PBXBuildFile; fileRef = FC9C8B864A04819924BE30DA /* AlertScheduler.swift */; };
		E18C0B6A8CC01EF34FC82DFF /* KliimaWatch.app in Embed Watch Content */ = {isa = PBXBuildFile; fileRef = 8F45A5AFFADBE3D7107AC5A3 /* KliimaWatch.app */; settings = {ATTRIBUTES = (RemoveHeadersOnCopy, ); }; };
		E21922A5084B826F1CD1A303 /* SprayActivityAttributes.swift in Sources */ = {isa = PBXBuildFile; fileRef = 3CC70E8067AA900DADB695A0 /* SprayActivityAttributes.swift */; };
		E258B27EF0A807071E4EF580 /* SharedStore.swift in Sources */ = {isa = PBXBuildFile; fileRef = 817D0E86880F9A5C255CC9CA /* SharedStore.swift */; };
		EB82014EA888475DF997E70F /* SharedStore.swift in Sources */ = {isa = PBXBuildFile; fileRef = 817D0E86880F9A5C255CC9CA /* SharedStore.swift */; };
		F1BB1FE2BA5912881D1C4E38 /* DashboardViewModel.swift in Sources */ = {isa = PBXBuildFile; fileRef = D271A216C9DBED75A8724752 /* DashboardViewModel.swift */; };
		F2BEC19CCE1C05DF23208DEB /* WeatherCondition.swift in Sources */ = {isa = PBXBuildFile; fileRef = 6580A8FAA2962596D57856A9 /* WeatherCondition.swift */; };
		F495D15D8E0787A30075CF21 /* SprayCardView.swift in Sources */ = {isa = PBXBuildFile; fileRef = 759A50D03E2923056A2614D4 /* SprayCardView.swift */; };
		F77107620B89E9EF18B91720 /* AgroFormat.swift in Sources */ = {isa = PBXBuildFile; fileRef = B457BBEBEAB42296C88BBA73 /* AgroFormat.swift */; };
		FE92CF4B1435C809E175394E /* Register.swift in Sources */ = {isa = PBXBuildFile; fileRef = F5DE221E004C2ABBAC38370E /* Register.swift */; };
		FE92D85149BF14BF38E701F8 /* Consensus.swift in Sources */ = {isa = PBXBuildFile; fileRef = 4720B7B1832151B0FB656485 /* Consensus.swift */; };
/* End PBXBuildFile section */

/* Begin PBXContainerItemProxy section */
		2F951482D2C6A05434F6E788 /* PBXContainerItemProxy */ = {
			isa = PBXContainerItemProxy;
			containerPortal = 46F86FAA6BBF9AC94A7E4595 /* Project object */;
			proxyType = 1;
			remoteGlobalIDString = 340EC6E363BA94B220BB556A;
			remoteInfo = KliimaWidgets;
		};
		C5BB4219A8B64E4313675B58 /* PBXContainerItemProxy */ = {
			isa = PBXContainerItemProxy;
			containerPortal = 46F86FAA6BBF9AC94A7E4595 /* Project object */;
			proxyType = 1;
			remoteGlobalIDString = 3138D2A367F5C911F77D38FB;
			remoteInfo = KliimaWatch;
		};
		99DF14BFE62F570C1C6D4631 /* PBXContainerItemProxy */ = {
			isa = PBXContainerItemProxy;
			containerPortal = 46F86FAA6BBF9AC94A7E4595 /* Project object */;
			proxyType = 1;
			remoteGlobalIDString = 5B85C334BB633E657168FE1F;
			remoteInfo = KliimaWatchWidgets;
		};
		DAF4E87C430CCB3BE3D399F8 /* PBXContainerItemProxy */ = {
			isa = PBXContainerItemProxy;
			containerPortal = 46F86FAA6BBF9AC94A7E4595 /* Project object */;
			proxyType = 1;
			remoteGlobalIDString = 90307E18D555DA257622D17E;
			remoteInfo = Kliima;
		};
/* End PBXContainerItemProxy section */

/* Begin PBXFileReference section */
		05D1254950D21B8B472EE75B /* KliimaWidgets.entitlements */ = {isa = PBXFileReference; lastKnownFileType = text.plist.entitlements; path = KliimaWidgets.entitlements; sourceTree = "<group>"; };
		07648D3F3C3D6F0CFF6F562F /* HeroView.swift */ = {isa = PBXFileReference; lastKnownFileType = sourcecode.swift; path = HeroView.swift; sourceTree = "<group>"; };
		0D5EBEB31B8DF6AAD5C55101 /* InfoPlist.xcstrings */ = {isa = PBXFileReference; lastKnownFileType = text.json.xcstrings; path = InfoPlist.xcstrings; sourceTree = "<group>"; };
		1A5124FDFE368E7208E1385D /* WatchDashboardView.swift */ = {isa = PBXFileReference; lastKnownFileType = sourcecode.swift; path = WatchDashboardView.swift; sourceTree = "<group>"; };
		2D56D2AFEB6AE6DB08B2F311 /* AgroSamples.swift */ = {isa = PBXFileReference; lastKnownFileType = sourcecode.swift; path = AgroSamples.swift; sourceTree = "<group>"; };
		2DC46CF12C3BDE1077973D85 /* Info.plist */ = {isa = PBXFileReference; lastKnownFileType = text.plist.xml; path = Info.plist; sourceTree = "<group>"; };
		33D55B8989CBA83AAEDF908F /* AgroIndicatorsTests.swift */ = {isa = PBXFileReference; lastKnownFileType = sourcecode.swift; path = AgroIndicatorsTests.swift; sourceTree = "<group>"; };
		3A0B686888AD8C8B302A7169 /* KliimaWatch.entitlements */ = {isa = PBXFileReference; lastKnownFileType = text.plist.entitlements; path = KliimaWatch.entitlements; sourceTree = "<group>"; };
		3A92F285D90BF784E3CE2062 /* Subscription.swift */ = {isa = PBXFileReference; lastKnownFileType = sourcecode.swift; path = Subscription.swift; sourceTree = "<group>"; };
		3B02EF58B1456D6BD190EA69 /* WeatherProviders.swift */ = {isa = PBXFileReference; lastKnownFileType = sourcecode.swift; path = WeatherProviders.swift; sourceTree = "<group>"; };
		3CC70E8067AA900DADB695A0 /* SprayActivityAttributes.swift */ = {isa = PBXFileReference; lastKnownFileType = sourcecode.swift; path = SprayActivityAttributes.swift; sourceTree = "<group>"; };
		433301E88D0ACA32C67F98AB /* DashboardView.swift */ = {isa = PBXFileReference; lastKnownFileType = sourcecode.swift; path = DashboardView.swift; sourceTree = "<group>"; };
		470A470B59D28A20E3156536 /* Kliima.entitlements */ = {isa = PBXFileReference; lastKnownFileType = text.plist.entitlements; path = Kliima.entitlements; sourceTree = "<group>"; };
		4720B7B1832151B0FB656485 /* Consensus.swift */ = {isa = PBXFileReference; lastKnownFileType = sourcecode.swift; path = Consensus.swift; sourceTree = "<group>"; };
		4FFD790A7928FA221A2130E8 /* Info.plist */ = {isa = PBXFileReference; lastKnownFileType = text.plist.xml; path = Info.plist; sourceTree = "<group>"; };
		50FD6BD0437A604828C49471 /* AgroWeatherDecodingTests.swift */ = {isa = PBXFileReference; lastKnownFileType = sourcecode.swift; path = AgroWeatherDecodingTests.swift; sourceTree = "<group>"; };
		5450F8A4FCE049DD06100EC9 /* Localized.swift */ = {isa = PBXFileReference; lastKnownFileType = sourcecode.swift; path = Localized.swift; sourceTree = "<group>"; };
		58093B38B279A9D62D8B393B /* ConsensusTests.swift */ = {isa = PBXFileReference; lastKnownFileType = sourcecode.swift; path = ConsensusTests.swift; sourceTree = "<group>"; };
		58FA8E33206EC1155672DB62 /* KliimaTests.xctest */ = {isa = PBXFileReference; explicitFileType = wrapper.cfbundle; includeInIndex = 0; path = KliimaTests.xctest; sourceTree = BUILT_PRODUCTS_DIR; };
		5957CAFC6F87D0B5FCCC85D5 /* WeatherConditionTests.swift */ = {isa = PBXFileReference; lastKnownFileType = sourcecode.swift; path = WeatherConditionTests.swift; sourceTree = "<group>"; };
		5AD6285EE75DA0AD1F4E4FE1 /* DetailTile.swift */ = {isa = PBXFileReference; lastKnownFileType = sourcecode.swift; path = DetailTile.swift; sourceTree = "<group>"; };
		5EC9D5F7632B1EF2E5B81F82 /* BackgroundRefresh.swift */ = {isa = PBXFileReference; lastKnownFileType = sourcecode.swift; path = BackgroundRefresh.swift; sourceTree = "<group>"; };
		6580A8FAA2962596D57856A9 /* WeatherCondition.swift */ = {isa = PBXFileReference; lastKnownFileType = sourcecode.swift; path = WeatherCondition.swift; sourceTree = "<group>"; };
		6C5717DB9A72E3BC677A00B3 /* PlanTests.swift */ = {isa = PBXFileReference; lastKnownFileType = sourcecode.swift; path = PlanTests.swift; sourceTree = "<group>"; };
		6CF1D4F0A0F98BB261827EF5 /* SprayComplication.swift */ = {isa = PBXFileReference; lastKnownFileType = sourcecode.swift; path = SprayComplication.swift; sourceTree = "<group>"; };
		701558C0E92F12ECB916E1C6 /* Cumuls.swift */ = {isa = PBXFileReference; lastKnownFileType = sourcecode.swift; path = Cumuls.swift; sourceTree = "<group>"; };
		70A323DF1CDDEA680AC90086 /* AlertsTests.swift */ = {isa = PBXFileReference; lastKnownFileType = sourcecode.swift; path = AlertsTests.swift; sourceTree = "<group>"; };
		72250014395A5607AA9841A4 /* PaywallView.swift */ = {isa = PBXFileReference; lastKnownFileType = sourcecode.swift; path = PaywallView.swift; sourceTree = "<group>"; };
		759A50D03E2923056A2614D4 /* SprayCardView.swift */ = {isa = PBXFileReference; lastKnownFileType = sourcecode.swift; path = SprayCardView.swift; sourceTree = "<group>"; };
		77B55B9E0D7865BFA00A4D86 /* Info.plist */ = {isa = PBXFileReference; lastKnownFileType = text.plist.xml; path = Info.plist; sourceTree = "<group>"; };
		817D0E86880F9A5C255CC9CA /* SharedStore.swift */ = {isa = PBXFileReference; lastKnownFileType = sourcecode.swift; path = SharedStore.swift; sourceTree = "<group>"; };
		884410DA2162211647EB6D45 /* LocalizationTests.swift */ = {isa = PBXFileReference; lastKnownFileType = sourcecode.swift; path = LocalizationTests.swift; sourceTree = "<group>"; };
		8B148DA87ACC29FF2D439C47 /* KliimaWidgetsBundle.swift */ = {isa = PBXFileReference; lastKnownFileType = sourcecode.swift; path = KliimaWidgetsBundle.swift; sourceTree = "<group>"; };
		8E172A50C653860D0436BDA6 /* AgroFormatTests.swift */ = {isa = PBXFileReference; lastKnownFileType = sourcecode.swift; path = AgroFormatTests.swift; sourceTree = "<group>"; };
		8F45A5AFFADBE3D7107AC5A3 /* KliimaWatch.app */ = {isa = PBXFileReference; explicitFileType = wrapper.application; includeInIndex = 0; path = KliimaWatch.app; sourceTree = BUILT_PRODUCTS_DIR; };
		8FCC89F11BCF6BA08E68ADF1 /* LocationService.swift */ = {isa = PBXFileReference; lastKnownFileType = sourcecode.swift; path = LocationService.swift; sourceTree = "<group>"; };
		9535087DBAA65F2039A9CA7B /* AgroIndicators.swift */ = {isa = PBXFileReference; lastKnownFileType = sourcecode.swift; path = AgroIndicators.swift; sourceTree = "<group>"; };
		9707DFF5CA818F05AB43EBA1 /* Alerts.swift */ = {isa = PBXFileReference; lastKnownFileType = sourcecode.swift; path = Alerts.swift; sourceTree = "<group>"; };
		97EF0E5CB49DC180AB4601DB /* Assets.xcassets */ = {isa = PBXFileReference; lastKnownFileType = folder.assetcatalog; path = Assets.xcassets; sourceTree = "<group>"; };
		9806D2D88C6DC00561E1AA4F /* KliimaWidgets.appex */ = {isa = PBXFileReference; explicitFileType = wrapper.app-extension; includeInIndex = 0; path = KliimaWidgets.appex; sourceTree = BUILT_PRODUCTS_DIR; };
		9DFCEE1BB00EFE0321D4C01A /* WatchViewModel.swift */ = {isa = PBXFileReference; lastKnownFileType = sourcecode.swift; path = WatchViewModel.swift; sourceTree = "<group>"; };
		A005ABFA015948456057712C /* Kliima.app */ = {isa = PBXFileReference; explicitFileType = wrapper.application; includeInIndex = 0; path = Kliima.app; sourceTree = BUILT_PRODUCTS_DIR; };
		A37F792453EED1853EB12C4B /* SkyBackground.swift */ = {isa = PBXFileReference; lastKnownFileType = sourcecode.swift; path = SkyBackground.swift; sourceTree = "<group>"; };
		A5C4EEEC1517071A02768BFA /* KliimaWatchApp.swift */ = {isa = PBXFileReference; lastKnownFileType = sourcecode.swift; path = KliimaWatchApp.swift; sourceTree = "<group>"; };
		ACDA8384F78BD3E95B72FB7A /* Plan.swift */ = {isa = PBXFileReference; lastKnownFileType = sourcecode.swift; path = Plan.swift; sourceTree = "<group>"; };
		AD6AE031CC45EBED74B7A798 /* Info.plist */ = {isa = PBXFileReference; lastKnownFileType = text.plist.xml; path = Info.plist; sourceTree = "<group>"; };
		B457BBEBEAB42296C88BBA73 /* AgroFormat.swift */ = {isa = PBXFileReference; lastKnownFileType = sourcecode.swift; path = AgroFormat.swift; sourceTree = "<group>"; };
		B4F0E666C771746CB3FD57AF /* AgroWeatherService.swift */ = {isa = PBXFileReference; lastKnownFileType = sourcecode.swift; path = AgroWeatherService.swift; sourceTree = "<group>"; };
		B7DCA75C69B7079D7387BB77 /* ProvidersTests.swift */ = {isa = PBXFileReference; lastKnownFileType = sourcecode.swift; path = ProvidersTests.swift; sourceTree = "<group>"; };
		BD096399F9FBD57D28CC36F4 /* RegisterTests.swift */ = {isa = PBXFileReference; lastKnownFileType = sourcecode.swift; path = RegisterTests.swift; sourceTree = "<group>"; };
		BDAA24888AF82B3F0F77BEAC /* Localizable.xcstrings */ = {isa = PBXFileReference; lastKnownFileType = text.json.xcstrings; path = Localizable.xcstrings; sourceTree = "<group>"; };
		C2046E03783B437CAFA8D461 /* KliimaApp.swift */ = {isa = PBXFileReference; lastKnownFileType = sourcecode.swift; path = KliimaApp.swift; sourceTree = "<group>"; };
		C634F133C7CC1216F9C71EE8 /* SprayActivityTests.swift */ = {isa = PBXFileReference; lastKnownFileType = sourcecode.swift; path = SprayActivityTests.swift; sourceTree = "<group>"; };
		C97139E68009C8F299BB5EF6 /* CumulsTests.swift */ = {isa = PBXFileReference; lastKnownFileType = sourcecode.swift; path = CumulsTests.swift; sourceTree = "<group>"; };
		D1CBB225EB1F79C894350D65 /* DailyListView.swift */ = {isa = PBXFileReference; lastKnownFileType = sourcecode.swift; path = DailyListView.swift; sourceTree = "<group>"; };
		D271A216C9DBED75A8724752 /* DashboardViewModel.swift */ = {isa = PBXFileReference; lastKnownFileType = sourcecode.swift; path = DashboardViewModel.swift; sourceTree = "<group>"; };
		D70921AA7E1E94DD9264ACE0 /* HourlyStripView.swift */ = {isa = PBXFileReference; lastKnownFileType = sourcecode.swift; path = HourlyStripView.swift; sourceTree = "<group>"; };
		E11C6E9B05EF6074F1829033 /* SprayWidget.swift */ = {isa = PBXFileReference; lastKnownFileType = sourcecode.swift; path = SprayWidget.swift; sourceTree = "<group>"; };
		E2F29AC239FEE014AA2A291D /* KliimaWatchWidgetsBundle.swift */ = {isa = PBXFileReference; lastKnownFileType = sourcecode.swift; path = KliimaWatchWidgetsBundle.swift; sourceTree = "<group>"; };
		E4146898ED70D1C4345707CD /* KliimaWatchWidgets.appex */ = {isa = PBXFileReference; explicitFileType = wrapper.app-extension; includeInIndex = 0; path = KliimaWatchWidgets.appex; sourceTree = BUILT_PRODUCTS_DIR; };
		E950878EBB34FE4C01AA2C13 /* SprayLiveActivity.swift */ = {isa = PBXFileReference; lastKnownFileType = sourcecode.swift; path = SprayLiveActivity.swift; sourceTree = "<group>"; };
		EB3BB0251C5B6D7194C4AEE4 /* Assets.xcassets */ = {isa = PBXFileReference; lastKnownFileType = folder.assetcatalog; path = Assets.xcassets; sourceTree = "<group>"; };
		EBE1FBED16537140FD9D2E11 /* KliimaWatchWidgets.entitlements */ = {isa = PBXFileReference; lastKnownFileType = text.plist.entitlements; path = KliimaWatchWidgets.entitlements; sourceTree = "<group>"; };
		F20A680382FE74EE4D9DD82E /* SprayActivityController.swift */ = {isa = PBXFileReference; lastKnownFileType = sourcecode.swift; path = SprayActivityController.swift; sourceTree = "<group>"; };
		F5DE221E004C2ABBAC38370E /* Register.swift */ = {isa = PBXFileReference; lastKnownFileType = sourcecode.swift; path = Register.swift; sourceTree = "<group>"; };
		FC9C8B864A04819924BE30DA /* AlertScheduler.swift */ = {isa = PBXFileReference; lastKnownFileType = sourcecode.swift; path = AlertScheduler.swift; sourceTree = "<group>"; };
/* End PBXFileReference section */

/* Begin PBXCopyFilesBuildPhase section */
		C824EE75534A2CE63515223A /* Embed Foundation Extensions */ = {
			isa = PBXCopyFilesBuildPhase;
			buildActionMask = 2147483647;
			dstPath = "";
			dstSubfolderSpec = 13;
			files = (
				122A060395C5DCFBBD6EE3CD /* KliimaWidgets.appex in Embed Foundation Extensions */,
			);
			name = "Embed Foundation Extensions";
			runOnlyForDeploymentPostprocessing = 0;
		};
		9E12CB2C97BDA9F75A1BCD06 /* Embed Watch Content */ = {
			isa = PBXCopyFilesBuildPhase;
			buildActionMask = 2147483647;
			dstPath = "$(CONTENTS_FOLDER_PATH)/Watch";
			dstSubfolderSpec = 16;
			files = (
				E18C0B6A8CC01EF34FC82DFF /* KliimaWatch.app in Embed Watch Content */,
			);
			name = "Embed Watch Content";
			runOnlyForDeploymentPostprocessing = 0;
		};
		1ED19F70F5003E56D95F459A /* Embed Foundation Extensions */ = {
			isa = PBXCopyFilesBuildPhase;
			buildActionMask = 2147483647;
			dstPath = "";
			dstSubfolderSpec = 13;
			files = (
				8A726D0200CD48CA03151AA6 /* KliimaWatchWidgets.appex in Embed Foundation Extensions */,
			);
			name = "Embed Foundation Extensions";
			runOnlyForDeploymentPostprocessing = 0;
		};
/* End PBXCopyFilesBuildPhase section */

/* Begin PBXFrameworksBuildPhase section */
		AA4ED087128E1CACEBF05320 /* Frameworks */ = {
			isa = PBXFrameworksBuildPhase;
			buildActionMask = 2147483647;
			files = (
			);
			runOnlyForDeploymentPostprocessing = 0;
		};
		FFF09A42B70E38F65666755E /* Frameworks */ = {
			isa = PBXFrameworksBuildPhase;
			buildActionMask = 2147483647;
			files = (
			);
			runOnlyForDeploymentPostprocessing = 0;
		};
		59A9AF0EAC752D5AD198BF08 /* Frameworks */ = {
			isa = PBXFrameworksBuildPhase;
			buildActionMask = 2147483647;
			files = (
			);
			runOnlyForDeploymentPostprocessing = 0;
		};
		8EBC85A4EE1D93671D22A5C1 /* Frameworks */ = {
			isa = PBXFrameworksBuildPhase;
			buildActionMask = 2147483647;
			files = (
			);
			runOnlyForDeploymentPostprocessing = 0;
		};
		84BF1BE6DE0883CDE5B255C6 /* Frameworks */ = {
			isa = PBXFrameworksBuildPhase;
			buildActionMask = 2147483647;
			files = (
			);
			runOnlyForDeploymentPostprocessing = 0;
		};
/* End PBXFrameworksBuildPhase section */

/* Begin PBXGroup section */
		518DA81DB9B99529C0C0AEBE /* None */ = {
			isa = PBXGroup;
			children = (
				82CF2A43A7100F086D7FCFDD /* Kliima */,
				EC78298F69778BA6D4D34D39 /* KliimaWidgets */,
				8DEF79DD9DC5039093C09752 /* KliimaWatch */,
				08205FF018AE1C095559AAFD /* KliimaWatchWidgets */,
				A0937472EE5878FA82CB0F7E /* KliimaTests */,
				547D009064F7C3F13BEF3460 /* Products */,
			);
			sourceTree = "<group>";
		};
		547D009064F7C3F13BEF3460 /* Products */ = {
			isa = PBXGroup;
			children = (
				A005ABFA015948456057712C /* Kliima.app */,
				9806D2D88C6DC00561E1AA4F /* KliimaWidgets.appex */,
				8F45A5AFFADBE3D7107AC5A3 /* KliimaWatch.app */,
				E4146898ED70D1C4345707CD /* KliimaWatchWidgets.appex */,
				58FA8E33206EC1155672DB62 /* KliimaTests.xctest */,
			);
			name = Products;
			sourceTree = "<group>";
		};
		82CF2A43A7100F086D7FCFDD /* Kliima */ = {
			isa = PBXGroup;
			children = (
				1D2F5BF9FB339F234299CFC8 /* App */,
				DD131EC962237671D266DB34 /* Models */,
				985CEF4416785ACB588F8DB4 /* Services */,
				88A1FCEFDEAB7A65D51A627F /* ViewModels */,
				0CCEE07ECE9D2EC579E24F2E /* Views */,
				BED87D8D27E536A8E36A49DA /* Resources */,
				470A470B59D28A20E3156536 /* Kliima.entitlements */,
			);
			path = Kliima;
			sourceTree = "<group>";
		};
		1D2F5BF9FB339F234299CFC8 /* App */ = {
			isa = PBXGroup;
			children = (
				C2046E03783B437CAFA8D461 /* KliimaApp.swift */,
			);
			path = App;
			sourceTree = "<group>";
		};
		DD131EC962237671D266DB34 /* Models */ = {
			isa = PBXGroup;
			children = (
				2D56D2AFEB6AE6DB08B2F311 /* AgroSamples.swift */,
				9535087DBAA65F2039A9CA7B /* AgroIndicators.swift */,
				6580A8FAA2962596D57856A9 /* WeatherCondition.swift */,
				B457BBEBEAB42296C88BBA73 /* AgroFormat.swift */,
				5450F8A4FCE049DD06100EC9 /* Localized.swift */,
				817D0E86880F9A5C255CC9CA /* SharedStore.swift */,
				4720B7B1832151B0FB656485 /* Consensus.swift */,
				3CC70E8067AA900DADB695A0 /* SprayActivityAttributes.swift */,
				ACDA8384F78BD3E95B72FB7A /* Plan.swift */,
				9707DFF5CA818F05AB43EBA1 /* Alerts.swift */,
				701558C0E92F12ECB916E1C6 /* Cumuls.swift */,
				F5DE221E004C2ABBAC38370E /* Register.swift */,
			);
			path = Models;
			sourceTree = "<group>";
		};
		985CEF4416785ACB588F8DB4 /* Services */ = {
			isa = PBXGroup;
			children = (
				B4F0E666C771746CB3FD57AF /* AgroWeatherService.swift */,
				3B02EF58B1456D6BD190EA69 /* WeatherProviders.swift */,
				8FCC89F11BCF6BA08E68ADF1 /* LocationService.swift */,
				F20A680382FE74EE4D9DD82E /* SprayActivityController.swift */,
				5EC9D5F7632B1EF2E5B81F82 /* BackgroundRefresh.swift */,
				3A92F285D90BF784E3CE2062 /* Subscription.swift */,
				FC9C8B864A04819924BE30DA /* AlertScheduler.swift */,
			);
			path = Services;
			sourceTree = "<group>";
		};
		88A1FCEFDEAB7A65D51A627F /* ViewModels */ = {
			isa = PBXGroup;
			children = (
				D271A216C9DBED75A8724752 /* DashboardViewModel.swift */,
			);
			path = ViewModels;
			sourceTree = "<group>";
		};
		0CCEE07ECE9D2EC579E24F2E /* Views */ = {
			isa = PBXGroup;
			children = (
				433301E88D0ACA32C67F98AB /* DashboardView.swift */,
				D1CBB225EB1F79C894350D65 /* DailyListView.swift */,
				5AD6285EE75DA0AD1F4E4FE1 /* DetailTile.swift */,
				07648D3F3C3D6F0CFF6F562F /* HeroView.swift */,
				D70921AA7E1E94DD9264ACE0 /* HourlyStripView.swift */,
				A37F792453EED1853EB12C4B /* SkyBackground.swift */,
				759A50D03E2923056A2614D4 /* SprayCardView.swift */,
				72250014395A5607AA9841A4 /* PaywallView.swift */,
			);
			path = Views;
			sourceTree = "<group>";
		};
		BED87D8D27E536A8E36A49DA /* Resources */ = {
			isa = PBXGroup;
			children = (
				EB3BB0251C5B6D7194C4AEE4 /* Assets.xcassets */,
				BDAA24888AF82B3F0F77BEAC /* Localizable.xcstrings */,
				0D5EBEB31B8DF6AAD5C55101 /* InfoPlist.xcstrings */,
				2DC46CF12C3BDE1077973D85 /* Info.plist */,
			);
			path = Resources;
			sourceTree = "<group>";
		};
		EC78298F69778BA6D4D34D39 /* KliimaWidgets */ = {
			isa = PBXGroup;
			children = (
				8B148DA87ACC29FF2D439C47 /* KliimaWidgetsBundle.swift */,
				E950878EBB34FE4C01AA2C13 /* SprayLiveActivity.swift */,
				E11C6E9B05EF6074F1829033 /* SprayWidget.swift */,
				77B55B9E0D7865BFA00A4D86 /* Info.plist */,
				05D1254950D21B8B472EE75B /* KliimaWidgets.entitlements */,
			);
			path = KliimaWidgets;
			sourceTree = "<group>";
		};
		8DEF79DD9DC5039093C09752 /* KliimaWatch */ = {
			isa = PBXGroup;
			children = (
				A5C4EEEC1517071A02768BFA /* KliimaWatchApp.swift */,
				1A5124FDFE368E7208E1385D /* WatchDashboardView.swift */,
				9DFCEE1BB00EFE0321D4C01A /* WatchViewModel.swift */,
				F7242AF3D61558B805415283 /* Resources */,
				3A0B686888AD8C8B302A7169 /* KliimaWatch.entitlements */,
			);
			path = KliimaWatch;
			sourceTree = "<group>";
		};
		08205FF018AE1C095559AAFD /* KliimaWatchWidgets */ = {
			isa = PBXGroup;
			children = (
				E2F29AC239FEE014AA2A291D /* KliimaWatchWidgetsBundle.swift */,
				6CF1D4F0A0F98BB261827EF5 /* SprayComplication.swift */,
				AD6AE031CC45EBED74B7A798 /* Info.plist */,
				EBE1FBED16537140FD9D2E11 /* KliimaWatchWidgets.entitlements */,
			);
			path = KliimaWatchWidgets;
			sourceTree = "<group>";
		};
		F7242AF3D61558B805415283 /* Resources */ = {
			isa = PBXGroup;
			children = (
				97EF0E5CB49DC180AB4601DB /* Assets.xcassets */,
				4FFD790A7928FA221A2130E8 /* Info.plist */,
			);
			path = Resources;
			sourceTree = "<group>";
		};
		A0937472EE5878FA82CB0F7E /* KliimaTests */ = {
			isa = PBXGroup;
			children = (
				33D55B8989CBA83AAEDF908F /* AgroIndicatorsTests.swift */,
				50FD6BD0437A604828C49471 /* AgroWeatherDecodingTests.swift */,
				5957CAFC6F87D0B5FCCC85D5 /* WeatherConditionTests.swift */,
				8E172A50C653860D0436BDA6 /* AgroFormatTests.swift */,
				884410DA2162211647EB6D45 /* LocalizationTests.swift */,
				C634F133C7CC1216F9C71EE8 /* SprayActivityTests.swift */,
				58093B38B279A9D62D8B393B /* ConsensusTests.swift */,
				B7DCA75C69B7079D7387BB77 /* ProvidersTests.swift */,
				6C5717DB9A72E3BC677A00B3 /* PlanTests.swift */,
				70A323DF1CDDEA680AC90086 /* AlertsTests.swift */,
				C97139E68009C8F299BB5EF6 /* CumulsTests.swift */,
				BD096399F9FBD57D28CC36F4 /* RegisterTests.swift */,
			);
			path = KliimaTests;
			sourceTree = "<group>";
		};
/* End PBXGroup section */

/* Begin PBXNativeTarget section */
		90307E18D555DA257622D17E /* Kliima */ = {
			isa = PBXNativeTarget;
			buildConfigurationList = FAE36C00CE2541B1E635B357 /* Build configuration list for PBXNativeTarget "Kliima" */;
			buildPhases = (
				CB384E0912D75F26F4FA8942 /* Sources */,
				AA4ED087128E1CACEBF05320 /* Frameworks */,
				22F92F14547918320ECA1A93 /* Resources */,
				C824EE75534A2CE63515223A /* Embed Foundation Extensions */,
				9E12CB2C97BDA9F75A1BCD06 /* Embed Watch Content */,
			);
			buildRules = (
			);
			dependencies = (
				344FA3E1D13D85D7C7FD4CC1 /* PBXTargetDependency */,
				F1A5DDD2A159C54E917FDF31 /* PBXTargetDependency */,
			);
			name = Kliima;
			productName = Kliima;
			productReference = A005ABFA015948456057712C /* Kliima.app */;
			productType = "com.apple.product-type.application";
		};
		340EC6E363BA94B220BB556A /* KliimaWidgets */ = {
			isa = PBXNativeTarget;
			buildConfigurationList = A87A0FB7571CFC82973256E3 /* Build configuration list for PBXNativeTarget "KliimaWidgets" */;
			buildPhases = (
				81E024297FBAFA8619B04134 /* Sources */,
				FFF09A42B70E38F65666755E /* Frameworks */,
				CDA51840C8AE5F012D0D1978 /* Resources */,
			);
			buildRules = (
			);
			dependencies = (
			);
			name = KliimaWidgets;
			productName = KliimaWidgets;
			productReference = 9806D2D88C6DC00561E1AA4F /* KliimaWidgets.appex */;
			productType = "com.apple.product-type.app-extension";
		};
		3138D2A367F5C911F77D38FB /* KliimaWatch */ = {
			isa = PBXNativeTarget;
			buildConfigurationList = 738F69F77EFE94CB93BEDA0D /* Build configuration list for PBXNativeTarget "KliimaWatch" */;
			buildPhases = (
				FF2A36C323AE4567F904BBFE /* Sources */,
				59A9AF0EAC752D5AD198BF08 /* Frameworks */,
				8AA4C688056A8A63065B3320 /* Resources */,
				1ED19F70F5003E56D95F459A /* Embed Foundation Extensions */,
			);
			buildRules = (
			);
			dependencies = (
				A14B13F92D367AB71E2557D4 /* PBXTargetDependency */,
			);
			name = KliimaWatch;
			productName = KliimaWatch;
			productReference = 8F45A5AFFADBE3D7107AC5A3 /* KliimaWatch.app */;
			productType = "com.apple.product-type.application";
		};
		5B85C334BB633E657168FE1F /* KliimaWatchWidgets */ = {
			isa = PBXNativeTarget;
			buildConfigurationList = 7725DAC33250EDC098AD476B /* Build configuration list for PBXNativeTarget "KliimaWatchWidgets" */;
			buildPhases = (
				027522026FC32B63355435AB /* Sources */,
				8EBC85A4EE1D93671D22A5C1 /* Frameworks */,
				84E61B352421D813BFAAE8BD /* Resources */,
			);
			buildRules = (
			);
			dependencies = (
			);
			name = KliimaWatchWidgets;
			productName = KliimaWatchWidgets;
			productReference = E4146898ED70D1C4345707CD /* KliimaWatchWidgets.appex */;
			productType = "com.apple.product-type.app-extension";
		};
		87D9E7509FB79FF501FA7B0E /* KliimaTests */ = {
			isa = PBXNativeTarget;
			buildConfigurationList = E90BD8C6F188E0E4C392D6F6 /* Build configuration list for PBXNativeTarget "KliimaTests" */;
			buildPhases = (
				D4ED680BBC8127DADCE7CE50 /* Sources */,
				84BF1BE6DE0883CDE5B255C6 /* Frameworks */,
				501A375A71508266C067D25C /* Resources */,
			);
			buildRules = (
			);
			dependencies = (
				555ADEFEBD15CEAC54DE7C1D /* PBXTargetDependency */,
			);
			name = KliimaTests;
			productName = KliimaTests;
			productReference = 58FA8E33206EC1155672DB62 /* KliimaTests.xctest */;
			productType = "com.apple.product-type.bundle.unit-test";
		};
/* End PBXNativeTarget section */

/* Begin PBXProject section */
		46F86FAA6BBF9AC94A7E4595 /* Project object */ = {
			isa = PBXProject;
			attributes = {
				BuildIndependentTargetsInParallel = 1;
				LastSwiftUpdateCheck = 1500;
				LastUpgradeCheck = 1500;
				TargetAttributes = {
					90307E18D555DA257622D17E = {
						CreatedOnToolsVersion = 15.0;
					};
					340EC6E363BA94B220BB556A = {
						CreatedOnToolsVersion = 15.0;
					};
					3138D2A367F5C911F77D38FB = {
						CreatedOnToolsVersion = 15.0;
					};
					5B85C334BB633E657168FE1F = {
						CreatedOnToolsVersion = 15.0;
					};
					87D9E7509FB79FF501FA7B0E = {
						CreatedOnToolsVersion = 15.0;
						TestTargetID = 90307E18D555DA257622D17E;
					};
				};
			};
			buildConfigurationList = 1F4E3D13C2320EDA50221924 /* Build configuration list for PBXProject "Kliima" */;
			compatibilityVersion = "Xcode 14.0";
			developmentRegion = fr;
			hasScannedForEncodings = 0;
			knownRegions = (
				fr,
				en,
				es,
				Base,
			);
			mainGroup = 518DA81DB9B99529C0C0AEBE;
			productRefGroup = 547D009064F7C3F13BEF3460 /* Products */;
			projectDirPath = "";
			projectRoot = "";
			targets = (
				90307E18D555DA257622D17E /* Kliima */,
				340EC6E363BA94B220BB556A /* KliimaWidgets */,
				3138D2A367F5C911F77D38FB /* KliimaWatch */,
				5B85C334BB633E657168FE1F /* KliimaWatchWidgets */,
				87D9E7509FB79FF501FA7B0E /* KliimaTests */,
			);
		};
/* End PBXProject section */

/* Begin PBXResourcesBuildPhase section */
		22F92F14547918320ECA1A93 /* Resources */ = {
			isa = PBXResourcesBuildPhase;
			buildActionMask = 2147483647;
			files = (
				2C5251C79FF8E5AD1B1F7675 /* Assets.xcassets in Resources */,
				8615D8B794C5FBE4A4DAE264 /* Localizable.xcstrings in Resources */,
				62C018848976B2F22948659E /* InfoPlist.xcstrings in Resources */,
			);
			runOnlyForDeploymentPostprocessing = 0;
		};
		CDA51840C8AE5F012D0D1978 /* Resources */ = {
			isa = PBXResourcesBuildPhase;
			buildActionMask = 2147483647;
			files = (
				257D3B727C84AFDA7BB58E05 /* Localizable.xcstrings in Resources */,
			);
			runOnlyForDeploymentPostprocessing = 0;
		};
		8AA4C688056A8A63065B3320 /* Resources */ = {
			isa = PBXResourcesBuildPhase;
			buildActionMask = 2147483647;
			files = (
				3762E6DF1044E9750F48FCB4 /* Assets.xcassets in Resources */,
				531D9C2CEFE1FBC7E4E32098 /* Localizable.xcstrings in Resources */,
				DEA0EE17388FB7558136498A /* InfoPlist.xcstrings in Resources */,
			);
			runOnlyForDeploymentPostprocessing = 0;
		};
		84E61B352421D813BFAAE8BD /* Resources */ = {
			isa = PBXResourcesBuildPhase;
			buildActionMask = 2147483647;
			files = (
				B2B2C443093539AEBE5AE426 /* Localizable.xcstrings in Resources */,
			);
			runOnlyForDeploymentPostprocessing = 0;
		};
		501A375A71508266C067D25C /* Resources */ = {
			isa = PBXResourcesBuildPhase;
			buildActionMask = 2147483647;
			files = (
			);
			runOnlyForDeploymentPostprocessing = 0;
		};
/* End PBXResourcesBuildPhase section */

/* Begin PBXSourcesBuildPhase section */
		CB384E0912D75F26F4FA8942 /* Sources */ = {
			isa = PBXSourcesBuildPhase;
			buildActionMask = 2147483647;
			files = (
				82DE81496D9B0819DD2B7C0E /* KliimaApp.swift in Sources */,
				5ECC27DB15B1B6A895F5D5C0 /* AgroSamples.swift in Sources */,
				2BA6437E69EC0235D55E9D2F /* AgroIndicators.swift in Sources */,
				F2BEC19CCE1C05DF23208DEB /* WeatherCondition.swift in Sources */,
				4FEE791FA44A990E010B9616 /* AgroFormat.swift in Sources */,
				5E6BDDAD87D4DAE5C88DC491 /* Localized.swift in Sources */,
				E258B27EF0A807071E4EF580 /* SharedStore.swift in Sources */,
				C7F3184030D7D939A4CF6885 /* Consensus.swift in Sources */,
				C188257FC6E79EA1D45FD4E5 /* SprayActivityAttributes.swift in Sources */,
				14DA38B392C3F9CCE393DC2F /* Plan.swift in Sources */,
				885336CB26E425DA0965E9F3 /* Alerts.swift in Sources */,
				CE6773B648CF3706170D8392 /* Cumuls.swift in Sources */,
				FE92CF4B1435C809E175394E /* Register.swift in Sources */,
				96A4E1A6DD8A75B811BE93A9 /* AgroWeatherService.swift in Sources */,
				2AEC62A5036EAA7E15DEBBBF /* WeatherProviders.swift in Sources */,
				B6BE20AE614CC1FA23FF70B3 /* LocationService.swift in Sources */,
				350B2E01FD4923DABD95686C /* SprayActivityController.swift in Sources */,
				837F0C53FB92BB10E5D4757D /* BackgroundRefresh.swift in Sources */,
				06FD740CB03C528DA7CAD222 /* Subscription.swift in Sources */,
				E016E78093754332382D4C89 /* AlertScheduler.swift in Sources */,
				F1BB1FE2BA5912881D1C4E38 /* DashboardViewModel.swift in Sources */,
				A5096683B0D64D48DE29C934 /* DashboardView.swift in Sources */,
				0361672A474EBC61E33E5BDF /* DailyListView.swift in Sources */,
				77407BAE424DC91B26C7EF09 /* DetailTile.swift in Sources */,
				BFECAE5FE146209EE48874C0 /* HeroView.swift in Sources */,
				0359376CE5438049AEDA2652 /* HourlyStripView.swift in Sources */,
				900176DFAC3BB33859BD5893 /* SkyBackground.swift in Sources */,
				F495D15D8E0787A30075CF21 /* SprayCardView.swift in Sources */,
				51EABAB1CB6EC84EC5CDA384 /* PaywallView.swift in Sources */,
			);
			runOnlyForDeploymentPostprocessing = 0;
		};
		81E024297FBAFA8619B04134 /* Sources */ = {
			isa = PBXSourcesBuildPhase;
			buildActionMask = 2147483647;
			files = (
				376325F7C939B114AFF108B3 /* AgroSamples.swift in Sources */,
				2FFBBB2CCFB554A336473DB6 /* AgroIndicators.swift in Sources */,
				8A07E62E58709DBFD68788BB /* WeatherCondition.swift in Sources */,
				75D5E0D8A31863851C69EE99 /* AgroFormat.swift in Sources */,
				8DA17F2E82EF39FB47A9BC23 /* Localized.swift in Sources */,
				EB82014EA888475DF997E70F /* SharedStore.swift in Sources */,
				02B2BECE670FA06BEF82490D /* Consensus.swift in Sources */,
				E21922A5084B826F1CD1A303 /* SprayActivityAttributes.swift in Sources */,
				6824ECA3A5F713654AF4B0AE /* Plan.swift in Sources */,
				21C1E31CFC40D9A436686E87 /* Alerts.swift in Sources */,
				1EE8D32E4688E1C5E7963471 /* Cumuls.swift in Sources */,
				ADD71A52B7936C88EF9722CF /* Register.swift in Sources */,
				3C2CE8F8F6017276AD70D067 /* AgroWeatherService.swift in Sources */,
				CD50AC741D60BCE2B9A76E96 /* WeatherProviders.swift in Sources */,
				076631A9A497778C8DACA248 /* KliimaWidgetsBundle.swift in Sources */,
				2C7E17E75DF8AE00EEC0C792 /* SprayLiveActivity.swift in Sources */,
				A175AFBC7198678FA723B024 /* SprayWidget.swift in Sources */,
			);
			runOnlyForDeploymentPostprocessing = 0;
		};
		FF2A36C323AE4567F904BBFE /* Sources */ = {
			isa = PBXSourcesBuildPhase;
			buildActionMask = 2147483647;
			files = (
				39174010BBCB45A96CCCC41F /* AgroSamples.swift in Sources */,
				78DE2827430FE8E03E520FB2 /* AgroIndicators.swift in Sources */,
				421B6FEE5575083F54E009D5 /* WeatherCondition.swift in Sources */,
				030C9CE889BD9AD635C33428 /* AgroFormat.swift in Sources */,
				C95DA666AA21E005D127B225 /* Localized.swift in Sources */,
				B63FB3738E4E8A74A37E4104 /* SharedStore.swift in Sources */,
				FE92D85149BF14BF38E701F8 /* Consensus.swift in Sources */,
				8BE83CA9E5B699D4CA061FBF /* Plan.swift in Sources */,
				AEC629F18D9A2966E5175006 /* Alerts.swift in Sources */,
				3D992A5AAC326C078E61CB00 /* Cumuls.swift in Sources */,
				2BCB184BFCC26AB6AE111812 /* Register.swift in Sources */,
				8493BAC3272CA6D47A52366F /* AgroWeatherService.swift in Sources */,
				79320F1D2A6C540B619E896D /* WeatherProviders.swift in Sources */,
				0BB56120FCC1896DDD3C211C /* LocationService.swift in Sources */,
				76202832C5BEB4656447DEBD /* KliimaWatchApp.swift in Sources */,
				D4E428A194F9BBE7D25648FD /* WatchDashboardView.swift in Sources */,
				24141C10E98B7C3F39FDEA2F /* WatchViewModel.swift in Sources */,
			);
			runOnlyForDeploymentPostprocessing = 0;
		};
		027522026FC32B63355435AB /* Sources */ = {
			isa = PBXSourcesBuildPhase;
			buildActionMask = 2147483647;
			files = (
				B1FB7CA872E121CB45BCB0FC /* AgroSamples.swift in Sources */,
				49FD2887070E46F84706F388 /* AgroIndicators.swift in Sources */,
				75B7603DA24E91F064329C28 /* WeatherCondition.swift in Sources */,
				F77107620B89E9EF18B91720 /* AgroFormat.swift in Sources */,
				7F8BC1BFEB1A56B35A0BD54E /* Localized.swift in Sources */,
				BCA77F887960BBB8B6530C3D /* SharedStore.swift in Sources */,
				317C56C150A3B3029EE56C77 /* Consensus.swift in Sources */,
				A41D0AEDD3950F1E162A5EB2 /* Plan.swift in Sources */,
				43C88D74E43EBFC3FF3A51F8 /* Alerts.swift in Sources */,
				677955C29F1D1BDB5D023D77 /* Cumuls.swift in Sources */,
				9FC94FB16BA6F1ED4CB25090 /* Register.swift in Sources */,
				2E0D26664442860C4D4A811C /* AgroWeatherService.swift in Sources */,
				D461CDD744E459C7FF88E76F /* WeatherProviders.swift in Sources */,
				294494102F3820F390FEB5FA /* KliimaWatchWidgetsBundle.swift in Sources */,
				99FE4D659051ED8746BC56E8 /* SprayComplication.swift in Sources */,
			);
			runOnlyForDeploymentPostprocessing = 0;
		};
		D4ED680BBC8127DADCE7CE50 /* Sources */ = {
			isa = PBXSourcesBuildPhase;
			buildActionMask = 2147483647;
			files = (
				92D12933354038E8F839157E /* AgroIndicatorsTests.swift in Sources */,
				8F4E7FAC158D1BB25607DBCD /* AgroWeatherDecodingTests.swift in Sources */,
				6FEBD20EBF3E8E706C271299 /* WeatherConditionTests.swift in Sources */,
				D45B1BDA0C9B9713831FA3A2 /* AgroFormatTests.swift in Sources */,
				D269F5D10E3228E37C1E20ED /* LocalizationTests.swift in Sources */,
				68A56F98E3005685017A31F9 /* SprayActivityTests.swift in Sources */,
				5C2F375DC4671BD9665C2407 /* ConsensusTests.swift in Sources */,
				5B206D3E23E0CB6F2B797D0D /* ProvidersTests.swift in Sources */,
				B7BA648ECB503BA675BBDE07 /* PlanTests.swift in Sources */,
				214352D01F675595A3F3654A /* AlertsTests.swift in Sources */,
				094ACA9848B6A74ED1846458 /* CumulsTests.swift in Sources */,
				B881BEE60D7B2CB8EEE12BC1 /* RegisterTests.swift in Sources */,
			);
			runOnlyForDeploymentPostprocessing = 0;
		};
/* End PBXSourcesBuildPhase section */

/* Begin PBXTargetDependency section */
		344FA3E1D13D85D7C7FD4CC1 /* PBXTargetDependency */ = {
			isa = PBXTargetDependency;
			target = 340EC6E363BA94B220BB556A;
			targetProxy = 2F951482D2C6A05434F6E788 /* PBXContainerItemProxy */;
		};
		F1A5DDD2A159C54E917FDF31 /* PBXTargetDependency */ = {
			isa = PBXTargetDependency;
			target = 3138D2A367F5C911F77D38FB;
			targetProxy = C5BB4219A8B64E4313675B58 /* PBXContainerItemProxy */;
		};
		A14B13F92D367AB71E2557D4 /* PBXTargetDependency */ = {
			isa = PBXTargetDependency;
			target = 5B85C334BB633E657168FE1F;
			targetProxy = 99DF14BFE62F570C1C6D4631 /* PBXContainerItemProxy */;
		};
		555ADEFEBD15CEAC54DE7C1D /* PBXTargetDependency */ = {
			isa = PBXTargetDependency;
			target = 90307E18D555DA257622D17E;
			targetProxy = DAF4E87C430CCB3BE3D399F8 /* PBXContainerItemProxy */;
		};
/* End PBXTargetDependency section */

/* Begin XCBuildConfiguration section */
		4A43692AD8BCEEB8B727C85B /* Debug */ = {
			isa = XCBuildConfiguration;
			buildSettings = {
				ALWAYS_SEARCH_USER_PATHS = NO;
				ASSETCATALOG_COMPILER_GENERATE_ASSET_SYMBOL_FRAMEWORKS = SwiftUI;
				CLANG_ANALYZER_NONNULL = YES;
				CLANG_ENABLE_MODULES = YES;
				CLANG_ENABLE_OBJC_ARC = YES;
				CLANG_WARN_BOOL_CONVERSION = YES;
				CLANG_WARN_CONSTANT_CONVERSION = YES;
				CLANG_WARN_DOCUMENTATION_COMMENTS = YES;
				CLANG_WARN_EMPTY_BODY = YES;
				CLANG_WARN_INFINITE_RECURSION = YES;
				CLANG_WARN_INT_CONVERSION = YES;
				CLANG_WARN_SUSPICIOUS_MOVE = YES;
				CLANG_WARN_UNGUARDED_AVAILABILITY = YES_AGGRESSIVE;
				CLANG_WARN_UNREACHABLE_CODE = YES;
				COPY_PHASE_STRIP = NO;
				DEBUG_INFORMATION_FORMAT = dwarf;
				DEVELOPMENT_TEAM = "";
				ENABLE_STRICT_OBJC_MSGSEND = YES;
				ENABLE_TESTABILITY = YES;
				ENABLE_USER_SCRIPT_SANDBOXING = YES;
				GCC_C_LANGUAGE_STANDARD = gnu17;
				GCC_NO_COMMON_BLOCKS = YES;
				GCC_OPTIMIZATION_LEVEL = 0;
				GCC_PREPROCESSOR_DEFINITIONS = (
					"DEBUG=1",
					"$(inherited)",
				);
				GCC_WARN_ABOUT_RETURN_TYPE = YES_ERROR;
				GCC_WARN_UNINITIALIZED_AUTOS = YES_AGGRESSIVE;
				GCC_WARN_UNUSED_FUNCTION = YES;
				GCC_WARN_UNUSED_VARIABLE = YES;
				IPHONEOS_DEPLOYMENT_TARGET = 17.0;
				LOCALIZATION_PREFERS_STRING_CATALOGS = YES;
				MTL_ENABLE_DEBUG_INFO = INCLUDE_SOURCE;
				MTL_FAST_MATH = YES;
				ONLY_ACTIVE_ARCH = YES;
				SDKROOT = iphoneos;
				SWIFT_ACTIVE_COMPILATION_CONDITIONS = "DEBUG $(inherited)";
				SWIFT_OPTIMIZATION_LEVEL = "-Onone";
				WATCHOS_DEPLOYMENT_TARGET = 10.0;
			};
			name = Debug;
		};
		C28449456A5A705A7479770B /* Release */ = {
			isa = XCBuildConfiguration;
			buildSettings = {
				ALWAYS_SEARCH_USER_PATHS = NO;
				ASSETCATALOG_COMPILER_GENERATE_ASSET_SYMBOL_FRAMEWORKS = SwiftUI;
				CLANG_ANALYZER_NONNULL = YES;
				CLANG_ENABLE_MODULES = YES;
				CLANG_ENABLE_OBJC_ARC = YES;
				CLANG_WARN_BOOL_CONVERSION = YES;
				CLANG_WARN_CONSTANT_CONVERSION = YES;
				CLANG_WARN_DOCUMENTATION_COMMENTS = YES;
				CLANG_WARN_EMPTY_BODY = YES;
				CLANG_WARN_INFINITE_RECURSION = YES;
				CLANG_WARN_INT_CONVERSION = YES;
				CLANG_WARN_SUSPICIOUS_MOVE = YES;
				CLANG_WARN_UNGUARDED_AVAILABILITY = YES_AGGRESSIVE;
				CLANG_WARN_UNREACHABLE_CODE = YES;
				COPY_PHASE_STRIP = NO;
				DEBUG_INFORMATION_FORMAT = "dwarf-with-dsym";
				DEVELOPMENT_TEAM = "";
				ENABLE_NS_ASSERTIONS = NO;
				ENABLE_STRICT_OBJC_MSGSEND = YES;
				ENABLE_USER_SCRIPT_SANDBOXING = YES;
				GCC_C_LANGUAGE_STANDARD = gnu17;
				GCC_NO_COMMON_BLOCKS = YES;
				GCC_WARN_ABOUT_RETURN_TYPE = YES_ERROR;
				GCC_WARN_UNINITIALIZED_AUTOS = YES_AGGRESSIVE;
				GCC_WARN_UNUSED_FUNCTION = YES;
				GCC_WARN_UNUSED_VARIABLE = YES;
				IPHONEOS_DEPLOYMENT_TARGET = 17.0;
				LOCALIZATION_PREFERS_STRING_CATALOGS = YES;
				MTL_ENABLE_DEBUG_INFO = NO;
				MTL_FAST_MATH = YES;
				SDKROOT = iphoneos;
				SWIFT_COMPILATION_MODE = wholemodule;
				VALIDATE_PRODUCT = YES;
				WATCHOS_DEPLOYMENT_TARGET = 10.0;
			};
			name = Release;
		};
		051C5DE047AFF65AC41C89D1 /* Debug */ = {
			isa = XCBuildConfiguration;
			buildSettings = {
				ASSETCATALOG_COMPILER_APPICON_NAME = AppIcon;
				ASSETCATALOG_COMPILER_GLOBAL_ACCENT_COLOR_NAME = AccentColor;
				CODE_SIGN_ENTITLEMENTS = Kliima/Kliima.entitlements;
				CODE_SIGN_STYLE = Automatic;
				CURRENT_PROJECT_VERSION = 1;
				ENABLE_PREVIEWS = YES;
				GENERATE_INFOPLIST_FILE = NO;
				INFOPLIST_FILE = Kliima/Resources/Info.plist;
				LD_RUNPATH_SEARCH_PATHS = (
					"$(inherited)",
					"@executable_path/Frameworks",
				);
				MARKETING_VERSION = 1.0;
				PRODUCT_BUNDLE_IDENTIFIER = com.kliima.app;
				PRODUCT_NAME = "$(TARGET_NAME)";
				SWIFT_EMIT_LOC_STRINGS = YES;
				SWIFT_VERSION = 5.0;
				TARGETED_DEVICE_FAMILY = "1,2";
			};
			name = Debug;
		};
		76C071972BC2092CBE958E61 /* Release */ = {
			isa = XCBuildConfiguration;
			buildSettings = {
				ASSETCATALOG_COMPILER_APPICON_NAME = AppIcon;
				ASSETCATALOG_COMPILER_GLOBAL_ACCENT_COLOR_NAME = AccentColor;
				CODE_SIGN_ENTITLEMENTS = Kliima/Kliima.entitlements;
				CODE_SIGN_STYLE = Automatic;
				CURRENT_PROJECT_VERSION = 1;
				ENABLE_PREVIEWS = YES;
				GENERATE_INFOPLIST_FILE = NO;
				INFOPLIST_FILE = Kliima/Resources/Info.plist;
				LD_RUNPATH_SEARCH_PATHS = (
					"$(inherited)",
					"@executable_path/Frameworks",
				);
				MARKETING_VERSION = 1.0;
				PRODUCT_BUNDLE_IDENTIFIER = com.kliima.app;
				PRODUCT_NAME = "$(TARGET_NAME)";
				SWIFT_EMIT_LOC_STRINGS = YES;
				SWIFT_VERSION = 5.0;
				TARGETED_DEVICE_FAMILY = "1,2";
			};
			name = Release;
		};
		B54AA8E8FBE8CDF9B88048C9 /* Debug */ = {
			isa = XCBuildConfiguration;
			buildSettings = {
				CODE_SIGN_ENTITLEMENTS = KliimaWidgets/KliimaWidgets.entitlements;
				CODE_SIGN_STYLE = Automatic;
				CURRENT_PROJECT_VERSION = 1;
				ENABLE_PREVIEWS = YES;
				GENERATE_INFOPLIST_FILE = NO;
				INFOPLIST_FILE = KliimaWidgets/Info.plist;
				LD_RUNPATH_SEARCH_PATHS = (
					"$(inherited)",
					"@executable_path/Frameworks",
					"@executable_path/../../Frameworks",
				);
				MARKETING_VERSION = 1.0;
				PRODUCT_BUNDLE_IDENTIFIER = com.kliima.app.widgets;
				PRODUCT_NAME = "$(TARGET_NAME)";
				SKIP_INSTALL = YES;
				SWIFT_EMIT_LOC_STRINGS = YES;
				SWIFT_VERSION = 5.0;
				TARGETED_DEVICE_FAMILY = "1,2";
			};
			name = Debug;
		};
		C773EF71FB56F62CBA8348A4 /* Release */ = {
			isa = XCBuildConfiguration;
			buildSettings = {
				CODE_SIGN_ENTITLEMENTS = KliimaWidgets/KliimaWidgets.entitlements;
				CODE_SIGN_STYLE = Automatic;
				CURRENT_PROJECT_VERSION = 1;
				ENABLE_PREVIEWS = YES;
				GENERATE_INFOPLIST_FILE = NO;
				INFOPLIST_FILE = KliimaWidgets/Info.plist;
				LD_RUNPATH_SEARCH_PATHS = (
					"$(inherited)",
					"@executable_path/Frameworks",
					"@executable_path/../../Frameworks",
				);
				MARKETING_VERSION = 1.0;
				PRODUCT_BUNDLE_IDENTIFIER = com.kliima.app.widgets;
				PRODUCT_NAME = "$(TARGET_NAME)";
				SKIP_INSTALL = YES;
				SWIFT_EMIT_LOC_STRINGS = YES;
				SWIFT_VERSION = 5.0;
				TARGETED_DEVICE_FAMILY = "1,2";
			};
			name = Release;
		};
		C4F15794889FDF8897679679 /* Debug */ = {
			isa = XCBuildConfiguration;
			buildSettings = {
				ASSETCATALOG_COMPILER_APPICON_NAME = AppIcon;
				ASSETCATALOG_COMPILER_GLOBAL_ACCENT_COLOR_NAME = AccentColor;
				CODE_SIGN_ENTITLEMENTS = KliimaWatch/KliimaWatch.entitlements;
				CODE_SIGN_STYLE = Automatic;
				CURRENT_PROJECT_VERSION = 1;
				ENABLE_PREVIEWS = YES;
				GENERATE_INFOPLIST_FILE = NO;
				INFOPLIST_FILE = KliimaWatch/Resources/Info.plist;
				LD_RUNPATH_SEARCH_PATHS = (
					"$(inherited)",
					"@executable_path/Frameworks",
				);
				MARKETING_VERSION = 1.0;
				PRODUCT_BUNDLE_IDENTIFIER = com.kliima.app.watchkitapp;
				PRODUCT_NAME = "$(TARGET_NAME)";
				SDKROOT = watchos;
				SUPPORTED_PLATFORMS = "watchos watchsimulator";
				SWIFT_EMIT_LOC_STRINGS = YES;
				SWIFT_VERSION = 5.0;
				TARGETED_DEVICE_FAMILY = 4;
			};
			name = Debug;
		};
		1C121764F6ED1D78B1C8CE35 /* Release */ = {
			isa = XCBuildConfiguration;
			buildSettings = {
				ASSETCATALOG_COMPILER_APPICON_NAME = AppIcon;
				ASSETCATALOG_COMPILER_GLOBAL_ACCENT_COLOR_NAME = AccentColor;
				CODE_SIGN_ENTITLEMENTS = KliimaWatch/KliimaWatch.entitlements;
				CODE_SIGN_STYLE = Automatic;
				CURRENT_PROJECT_VERSION = 1;
				ENABLE_PREVIEWS = YES;
				GENERATE_INFOPLIST_FILE = NO;
				INFOPLIST_FILE = KliimaWatch/Resources/Info.plist;
				LD_RUNPATH_SEARCH_PATHS = (
					"$(inherited)",
					"@executable_path/Frameworks",
				);
				MARKETING_VERSION = 1.0;
				PRODUCT_BUNDLE_IDENTIFIER = com.kliima.app.watchkitapp;
				PRODUCT_NAME = "$(TARGET_NAME)";
				SDKROOT = watchos;
				SUPPORTED_PLATFORMS = "watchos watchsimulator";
				SWIFT_EMIT_LOC_STRINGS = YES;
				SWIFT_VERSION = 5.0;
				TARGETED_DEVICE_FAMILY = 4;
			};
			name = Release;
		};
		8A49764340938DC564291421 /* Debug */ = {
			isa = XCBuildConfiguration;
			buildSettings = {
				CODE_SIGN_ENTITLEMENTS = KliimaWatchWidgets/KliimaWatchWidgets.entitlements;
				CODE_SIGN_STYLE = Automatic;
				CURRENT_PROJECT_VERSION = 1;
				ENABLE_PREVIEWS = YES;
				GENERATE_INFOPLIST_FILE = NO;
				INFOPLIST_FILE = KliimaWatchWidgets/Info.plist;
				LD_RUNPATH_SEARCH_PATHS = (
					"$(inherited)",
					"@executable_path/Frameworks",
					"@executable_path/../../Frameworks",
				);
				MARKETING_VERSION = 1.0;
				PRODUCT_BUNDLE_IDENTIFIER = com.kliima.app.watchkitapp.complications;
				PRODUCT_NAME = "$(TARGET_NAME)";
				SDKROOT = watchos;
				SKIP_INSTALL = YES;
				SUPPORTED_PLATFORMS = "watchos watchsimulator";
				SWIFT_EMIT_LOC_STRINGS = YES;
				SWIFT_VERSION = 5.0;
				TARGETED_DEVICE_FAMILY = 4;
			};
			name = Debug;
		};
		547FF146B63B07183808AC4E /* Release */ = {
			isa = XCBuildConfiguration;
			buildSettings = {
				CODE_SIGN_ENTITLEMENTS = KliimaWatchWidgets/KliimaWatchWidgets.entitlements;
				CODE_SIGN_STYLE = Automatic;
				CURRENT_PROJECT_VERSION = 1;
				ENABLE_PREVIEWS = YES;
				GENERATE_INFOPLIST_FILE = NO;
				INFOPLIST_FILE = KliimaWatchWidgets/Info.plist;
				LD_RUNPATH_SEARCH_PATHS = (
					"$(inherited)",
					"@executable_path/Frameworks",
					"@executable_path/../../Frameworks",
				);
				MARKETING_VERSION = 1.0;
				PRODUCT_BUNDLE_IDENTIFIER = com.kliima.app.watchkitapp.complications;
				PRODUCT_NAME = "$(TARGET_NAME)";
				SDKROOT = watchos;
				SKIP_INSTALL = YES;
				SUPPORTED_PLATFORMS = "watchos watchsimulator";
				SWIFT_EMIT_LOC_STRINGS = YES;
				SWIFT_VERSION = 5.0;
				TARGETED_DEVICE_FAMILY = 4;
			};
			name = Release;
		};
		9147C5E0F04486D03244E4D1 /* Debug */ = {
			isa = XCBuildConfiguration;
			buildSettings = {
				BUNDLE_LOADER = "$(TEST_HOST)";
				CODE_SIGN_STYLE = Automatic;
				CURRENT_PROJECT_VERSION = 1;
				GENERATE_INFOPLIST_FILE = YES;
				MARKETING_VERSION = 1.0;
				PRODUCT_BUNDLE_IDENTIFIER = com.kliima.app.tests;
				PRODUCT_NAME = "$(TARGET_NAME)";
				SWIFT_EMIT_LOC_STRINGS = NO;
				SWIFT_VERSION = 5.0;
				TARGETED_DEVICE_FAMILY = "1,2";
				TEST_HOST = "$(BUILT_PRODUCTS_DIR)/Kliima.app/$(BUNDLE_EXECUTABLE_FOLDER_PATH)/Kliima";
			};
			name = Debug;
		};
		53C60D4FF4BECC25493212C0 /* Release */ = {
			isa = XCBuildConfiguration;
			buildSettings = {
				BUNDLE_LOADER = "$(TEST_HOST)";
				CODE_SIGN_STYLE = Automatic;
				CURRENT_PROJECT_VERSION = 1;
				GENERATE_INFOPLIST_FILE = YES;
				MARKETING_VERSION = 1.0;
				PRODUCT_BUNDLE_IDENTIFIER = com.kliima.app.tests;
				PRODUCT_NAME = "$(TARGET_NAME)";
				SWIFT_EMIT_LOC_STRINGS = NO;
				SWIFT_VERSION = 5.0;
				TARGETED_DEVICE_FAMILY = "1,2";
				TEST_HOST = "$(BUILT_PRODUCTS_DIR)/Kliima.app/$(BUNDLE_EXECUTABLE_FOLDER_PATH)/Kliima";
			};
			name = Release;
		};
/* End XCBuildConfiguration section */

/* Begin XCConfigurationList section */
		1F4E3D13C2320EDA50221924 /* Build configuration list for PBXProject "Kliima" */ = {
			isa = XCConfigurationList;
			buildConfigurations = (
				4A43692AD8BCEEB8B727C85B /* Debug */,
				C28449456A5A705A7479770B /* Release */,
			);
			defaultConfigurationIsVisible = 0;
			defaultConfigurationName = Release;
		};
		FAE36C00CE2541B1E635B357 /* Build configuration list for PBXNativeTarget "Kliima" */ = {
			isa = XCConfigurationList;
			buildConfigurations = (
				051C5DE047AFF65AC41C89D1 /* Debug */,
				76C071972BC2092CBE958E61 /* Release */,
			);
			defaultConfigurationIsVisible = 0;
			defaultConfigurationName = Release;
		};
		A87A0FB7571CFC82973256E3 /* Build configuration list for PBXNativeTarget "KliimaWidgets" */ = {
			isa = XCConfigurationList;
			buildConfigurations = (
				B54AA8E8FBE8CDF9B88048C9 /* Debug */,
				C773EF71FB56F62CBA8348A4 /* Release */,
			);
			defaultConfigurationIsVisible = 0;
			defaultConfigurationName = Release;
		};
		738F69F77EFE94CB93BEDA0D /* Build configuration list for PBXNativeTarget "KliimaWatch" */ = {
			isa = XCConfigurationList;
			buildConfigurations = (
				C4F15794889FDF8897679679 /* Debug */,
				1C121764F6ED1D78B1C8CE35 /* Release */,
			);
			defaultConfigurationIsVisible = 0;
			defaultConfigurationName = Release;
		};
		7725DAC33250EDC098AD476B /* Build configuration list for PBXNativeTarget "KliimaWatchWidgets" */ = {
			isa = XCConfigurationList;
			buildConfigurations = (
				8A49764340938DC564291421 /* Debug */,
				547FF146B63B07183808AC4E /* Release */,
			);
			defaultConfigurationIsVisible = 0;
			defaultConfigurationName = Release;
		};
		E90BD8C6F188E0E4C392D6F6 /* Build configuration list for PBXNativeTarget "KliimaTests" */ = {
			isa = XCConfigurationList;
			buildConfigurations = (
				9147C5E0F04486D03244E4D1 /* Debug */,
				53C60D4FF4BECC25493212C0 /* Release */,
			);
			defaultConfigurationIsVisible = 0;
			defaultConfigurationName = Release;
		};
/* End XCConfigurationList section */
	};
	rootObject = 46F86FAA6BBF9AC94A7E4595 /* Project object */;
}
